<?xml version="1.0" encoding="utf-8"?>
<Project ToolsVersion="4.0" xmlns="http://schemas.microsoft.com/developer/msbuild/2003">
  <ItemGroup>
    <Filter Include="Source Files">
      <UniqueIdentifier>{4FC737F1-C7A5-4376-A066-2A32D752A2FF}</UniqueIdentifier>
      <Extensions>cpp;c;cc;cxx;def;odl;idl;hpj;bat;asm;asmx</Extensions>
    </Filter>
    <Filter Include="Header Files">
      <UniqueIdentifier>{93995380-89BD-4b04-88EB-625FBE52EBFB}</UniqueIdentifier>
      <Extensions>h;hh;hpp;hxx;hm;inl;inc;xsd</Extensions>
    </Filter>
    <Filter Include="Resource Files">
      <UniqueIdentifier>{67DA6AB6-F800-4c08-8B7A-83BB121AAD01}</UniqueIdentifier>
      <Extensions>rc;ico;cur;bmp;dlg;rc2;rct;bin;rgs;gif;jpg;jpeg;jpe;resx;tiff;tif;png;wav;mfcribbon-ms</Extensions>
    </Filter>
    <Filter Include="Resource Files\Shaders">
      <UniqueIdentifier>{1ba73379-d6a9-4fcf-8a01-574a6116862d}</UniqueIdentifier>
    </Filter>
    <Filter Include="Resource Files\Shaders\Vertex">
      <UniqueIdentifier>{94e5b868-4b25-4cab-953b-6353174252cf}</UniqueIdentifier>
    </Filter>
    <Filter Include="Resource Files\Shaders\Fragment">
      <UniqueIdentifier>{e949d11e-5339-4d51-a9e5-1c28f7828fce}</UniqueIdentifier>
    </Filter>
  </ItemGroup>
  <ItemGroup>
    <ClCompile Include="Main.cpp">
      <Filter>Source Files</Filter>
    </ClCompile>
  </ItemGroup>
  <ItemGroup>
    <ClInclude Include="KnightInit.h">
      <Filter>Header Files</Filter>
    </ClInclude>
    <ClInclude Include="Fire.h">
      <Filter>Header Files</Filter>
    </ClInclude>
  </ItemGroup>
  <ItemGroup>
    <None Include="..\..\assets\shaders\Static2D.frag">
      <Filter>Resource Files\Shaders\Fragment</Filter>
    </None>
    <None Include="..\..\assets\shaders\Static3D.frag">
      <Filter>Resource Files\Shaders\Fragment</Filter>
    </None>
    <None Include="..\..\assets\shaders\Text2D.frag">
      <Filter>Resource Files\Shaders\Fragment</Filter>
    </None>
    <None Include="..\..\assets\shaders\Dynamic3D.frag">
      <Filter>Resource Files\Shaders\Fragment</Filter>
    </None>
    <None Include="..\..\assets\shaders\Text2D.vert">
      <Filter>Resource Files\Shaders\Vertex</Filter>
    </None>
    <None Include="..\..\assets\shaders\Static3D.vert">
      <Filter>Resource Files\Shaders\Vertex</Filter>
    </None>
    <None Include="..\..\assets\shaders\Static2D.vert">
      <Filter>Resource Files\Shaders\Vertex</Filter>
    </None>
    <None Include="..\..\assets\shaders\PortalFrame3D.vert">
      <Filter>Resource Files\Shaders\Vertex</Filter>
    </None>
    <None Include="..\..\assets\shaders\Dynamic3D.vert">
      <Filter>Resource Files\Shaders\Vertex</Filter>
    </None>
    <None Include="..\..\assets\shaders\Wireframe.vert">
      <Filter>Resource Files\Shaders\Vertex</Filter>
    </None>
  </ItemGroup>
</Project>