<?xml version="1.0" encoding="utf-8"?>
<Project ToolsVersion="4.0" xmlns="http://schemas.microsoft.com/developer/msbuild/2003">
  <ItemGroup>
    <Filter Include="Source Files">
      <UniqueIdentifier>{4FC737F1-C7A5-4376-A066-2A32D752A2FF}</UniqueIdentifier>
      <Extensions>cpp;c;cc;cxx;def;odl;idl;hpj;bat;asm;asmx</Extensions>
    </Filter>
    <Filter Include="Header Files">
      <UniqueIdentifier>{93995380-89BD-4b04-88EB-625FBE52EBFB}</UniqueIdentifier>
      <Extensions>h;hh;hpp;hxx;hm;inl;inc;ipp;xsd</Extensions>
    </Filter>
    <Filter Include="Resource Files">
      <UniqueIdentifier>{67DA6AB6-F800-4c08-8B7A-83BB121AAD01}</UniqueIdentifier>
      <Extensions>rc;ico;cur;bmp;dlg;rc2;rct;bin;rgs;gif;jpg;jpeg;jpe;resx;tiff;tif;png;wav;mfcribbon-ms</Extensions>
    </Filter>
    <Filter Include="Header Files\Core">
      <UniqueIdentifier>{d1cf1090-3785-4c19-8a1c-1ad5abe2c660}</UniqueIdentifier>
    </Filter>
    <Filter Include="Header Files\Core\Math">
      <UniqueIdentifier>{47ac3c81-3005-424f-aeeb-71577dfb3348}</UniqueIdentifier>
    </Filter>
    <Filter Include="Source Files\Core">
      <UniqueIdentifier>{cb70935f-58c1-48bc-b06a-f3a84d61c588}</UniqueIdentifier>
    </Filter>
    <Filter Include="Source Files\Core\Math">
      <UniqueIdentifier>{2f2921ac-19a3-4a39-94cb-9446f5c93ce6}</UniqueIdentifier>
    </Filter>
    <Filter Include="Header Files\Core\Diagnostics">
      <UniqueIdentifier>{440845c4-1d17-43a5-af7a-01e1604e6a10}</UniqueIdentifier>
    </Filter>
    <Filter Include="Header Files\Core\Threading">
      <UniqueIdentifier>{5e5de70e-81ff-4c9e-b268-09876c682a5c}</UniqueIdentifier>
    </Filter>
    <Filter Include="Source Files\Core\Diagnostics">
      <UniqueIdentifier>{1f48e0a1-b3a7-4e40-84f8-4d01b38842d6}</UniqueIdentifier>
    </Filter>
    <Filter Include="Header Files\Core\Platform">
      <UniqueIdentifier>{aa149adb-d5cb-4e78-a23c-4d426b189805}</UniqueIdentifier>
    </Filter>
    <Filter Include="Header Files\Core\Platform\Windows">
      <UniqueIdentifier>{82becd5d-94aa-4f3f-a19a-503fae778640}</UniqueIdentifier>
    </Filter>
    <Filter Include="Source Files\Core\Threading">
      <UniqueIdentifier>{f1d36903-9b46-4936-83e0-42b58a21bbf3}</UniqueIdentifier>
    </Filter>
    <Filter Include="Header Files\Streams">
      <UniqueIdentifier>{a61a25a9-957a-464a-8f08-f22a73ee4131}</UniqueIdentifier>
    </Filter>
    <Filter Include="Header Files\Core\Collections">
      <UniqueIdentifier>{1b1866c8-54de-4522-b431-8bbba27314cc}</UniqueIdentifier>
    </Filter>
    <Filter Include="Header Files\Core\Events">
      <UniqueIdentifier>{ffb5b995-60d1-47fb-bfb5-ee842841456c}</UniqueIdentifier>
    </Filter>
    <Filter Include="Source Files\Core\Platform">
      <UniqueIdentifier>{be9f3820-f514-481a-8700-18bc28bbb76e}</UniqueIdentifier>
    </Filter>
    <Filter Include="Source Files\Core\Platform\Windows">
      <UniqueIdentifier>{9898203f-d841-4f0a-8555-45c37a2c3bce}</UniqueIdentifier>
    </Filter>
    <Filter Include="Source Files\Streams">
      <UniqueIdentifier>{2e09d89c-a68b-4535-af8b-53eca378e05b}</UniqueIdentifier>
    </Filter>
    <Filter Include="Header Files\Graphics">
      <UniqueIdentifier>{23e1d488-e531-49b2-95ab-983d2444cbf0}</UniqueIdentifier>
    </Filter>
    <Filter Include="Header Files\Graphics\Vulkan">
      <UniqueIdentifier>{bfb5382d-b179-4e6d-98e5-a926500ce791}</UniqueIdentifier>
    </Filter>
    <Filter Include="Header Files\Graphics\Vulkan\Native">
      <UniqueIdentifier>{e993d04d-403f-4058-bd7f-3671230bc693}</UniqueIdentifier>
    </Filter>
    <Filter Include="Source Files\Graphics">
      <UniqueIdentifier>{c26c21d9-332f-4b24-a27c-70a74335cd28}</UniqueIdentifier>
    </Filter>
    <Filter Include="Source Files\Graphics\Vulkan">
      <UniqueIdentifier>{ea28216d-4fb0-4d42-b9f8-884ad3b659d6}</UniqueIdentifier>
    </Filter>
    <Filter Include="Header Files\Graphics\Platform">
      <UniqueIdentifier>{2ebb0e98-9023-496b-aa15-ae780d4125a2}</UniqueIdentifier>
    </Filter>
    <Filter Include="Header Files\Graphics\Platform\Windows">
      <UniqueIdentifier>{56f79d1e-add2-42b7-acc1-d5437e7336db}</UniqueIdentifier>
    </Filter>
    <Filter Include="Source Files\Graphics\Platform">
      <UniqueIdentifier>{5816ed28-9e65-4f58-bec6-f52b2c8e8e3d}</UniqueIdentifier>
    </Filter>
    <Filter Include="Source Files\Graphics\Platform\Windows">
      <UniqueIdentifier>{b33c7b35-5f16-4d5e-be8d-abd1592ff7d6}</UniqueIdentifier>
    </Filter>
    <Filter Include="Header Files\Graphics\Vulkan\SPIR-V">
      <UniqueIdentifier>{627c541d-dc8e-4543-9fdd-79ba835b0af2}</UniqueIdentifier>
    </Filter>
    <Filter Include="Source Files\Graphics\Vulkan\SPIR-V">
      <UniqueIdentifier>{39781373-c1ac-42c5-8a00-380992b0ee5c}</UniqueIdentifier>
    </Filter>
    <Filter Include="Header Files\Core\Threading\Tasks">
      <UniqueIdentifier>{f273e481-f0a2-452d-966a-98b1ba9294b6}</UniqueIdentifier>
    </Filter>
    <Filter Include="Source Files\Core\Threading\Tasks">
      <UniqueIdentifier>{b41e4f64-42a6-4e78-b07b-a3a133e0930a}</UniqueIdentifier>
    </Filter>
    <Filter Include="Header Files\Graphics\Vulkan\Shaders">
      <UniqueIdentifier>{008bd278-b811-4e70-93c1-ccf3449188c8}</UniqueIdentifier>
    </Filter>
    <Filter Include="Source Files\Graphics\Vulkan\Shaders">
      <UniqueIdentifier>{98e87426-7c93-4a08-90e2-c3aa69d2289e}</UniqueIdentifier>
    </Filter>
    <Filter Include="Header Files\Graphics\VertexLayouts">
      <UniqueIdentifier>{5fcb4360-b0bb-4b9a-b377-c12835dee7e7}</UniqueIdentifier>
    </Filter>
    <Filter Include="Header Files\Graphics\Resources">
      <UniqueIdentifier>{1c597881-f1ba-48bd-8c4b-438da6072a28}</UniqueIdentifier>
    </Filter>
    <Filter Include="Source Files\Graphics\Resources">
      <UniqueIdentifier>{91c4fbdb-cfa5-435b-bf04-2462c8afbd85}</UniqueIdentifier>
    </Filter>
    <Filter Include="Header Files\Graphics\Textures">
      <UniqueIdentifier>{416cd09f-5b1b-457f-8b1c-055e08ba71bc}</UniqueIdentifier>
    </Filter>
    <Filter Include="Source Files\Graphics\Textures">
      <UniqueIdentifier>{88a12fa2-d7ef-4fe5-bd8f-bb89655b9f57}</UniqueIdentifier>
    </Filter>
    <Filter Include="Header Files\Content">
      <UniqueIdentifier>{baf1469d-3c9d-4376-9b22-4d51c97c6cc1}</UniqueIdentifier>
    </Filter>
    <Filter Include="Source Files\Content">
      <UniqueIdentifier>{71357709-dff2-4df7-af9c-6c51e1680c92}</UniqueIdentifier>
    </Filter>
    <Filter Include="Header Files\Graphics\Models">
      <UniqueIdentifier>{2dde9088-7adf-460f-93e5-1b9848f992f7}</UniqueIdentifier>
    </Filter>
    <Filter Include="Source Files\Graphics\Models">
      <UniqueIdentifier>{15cd08ee-a26c-40ed-a26c-1d9e2f0913d1}</UniqueIdentifier>
    </Filter>
    <Filter Include="Header Files\Input">
      <UniqueIdentifier>{b632be41-5016-4ba6-b21d-3192ac067b54}</UniqueIdentifier>
    </Filter>
    <Filter Include="Source Files\Input">
      <UniqueIdentifier>{d9b1db42-1c07-4f77-9ddf-dd32d938ec7e}</UniqueIdentifier>
    </Filter>
    <Filter Include="Header Files\Components">
      <UniqueIdentifier>{9195e0a5-ab73-45e5-a2e1-0be1490222e9}</UniqueIdentifier>
    </Filter>
    <Filter Include="Source Files\Components">
      <UniqueIdentifier>{a174f361-c3e6-4bf4-aade-5117d13ffa9e}</UniqueIdentifier>
    </Filter>
    <Filter Include="Header Files\Graphics\Text">
      <UniqueIdentifier>{5b32f7e0-3ce2-4a1b-8544-9bc0c9b0678b}</UniqueIdentifier>
    </Filter>
    <Filter Include="Source Files\Graphics\Text">
      <UniqueIdentifier>{28107f05-cde0-4c72-b7c0-bb3e26e464f8}</UniqueIdentifier>
    </Filter>
    <Filter Include="Resource Files\Visualizers">
      <UniqueIdentifier>{4787eeb9-1192-494f-91dc-a056f4f5e788}</UniqueIdentifier>
    </Filter>
    <Filter Include="Resource Files\BuildTargets">
      <UniqueIdentifier>{3dc205ca-44d6-4fec-a53b-9311fae3a768}</UniqueIdentifier>
    </Filter>
    <Filter Include="Resource Files\BuildTargets\SPIR-V">
      <UniqueIdentifier>{767a97b3-6d14-4742-ad37-e376b9a8e0c6}</UniqueIdentifier>
    </Filter>
    <Filter Include="Resource Files\BuildTargets\PuM">
      <UniqueIdentifier>{ffc1cb15-14d3-4399-ac47-8834dc6b3168}</UniqueIdentifier>
    </Filter>
    <Filter Include="Third Party">
      <UniqueIdentifier>{ab258529-616b-4256-8c4d-e172f69f8217}</UniqueIdentifier>
    </Filter>
    <Filter Include="Third Party\Source Files">
      <UniqueIdentifier>{739d154c-c3ca-40a9-91be-0f55ae0b013f}</UniqueIdentifier>
    </Filter>
    <Filter Include="Source Files\Graphics\Vulkan\Native">
      <UniqueIdentifier>{bf319ebd-44ce-431a-a381-83f6af01d96d}</UniqueIdentifier>
    </Filter>
    <Filter Include="Header Files\Graphics\Diagnostics">
      <UniqueIdentifier>{068075a9-7d87-4e9c-ac1e-61d6a83d8695}</UniqueIdentifier>
    </Filter>
    <Filter Include="Source Files\Graphics\Diagnostics">
      <UniqueIdentifier>{de2c4484-e4a9-4ac2-a072-7f1c87a60565}</UniqueIdentifier>
    </Filter>
    <Filter Include="Header Files\Networking">
      <UniqueIdentifier>{368fcfb2-8ec8-43f1-999a-a98c283d9be9}</UniqueIdentifier>
    </Filter>
    <Filter Include="Header Files\Networking\Core">
      <UniqueIdentifier>{1643b598-c691-4daf-8583-f58836afbccc}</UniqueIdentifier>
    </Filter>
    <Filter Include="Source Files\Networking">
      <UniqueIdentifier>{d93ef2c9-34f6-422f-aedf-7dad2c177947}</UniqueIdentifier>
    </Filter>
    <Filter Include="Source Files\Networking\Core">
      <UniqueIdentifier>{4dbcd594-9339-43d7-8b4d-aa9c685e7758}</UniqueIdentifier>
    </Filter>
    <Filter Include="Header Files\Networking\UPnP">
      <UniqueIdentifier>{6372eb5a-33b0-4be9-aafe-6bb8599f758c}</UniqueIdentifier>
    </Filter>
    <Filter Include="Source Files\Networking\UPnP">
      <UniqueIdentifier>{a261dbc7-fa63-4330-9f6c-95506dcdf8c1}</UniqueIdentifier>
    </Filter>
  </ItemGroup>
  <ItemGroup>
    <ClInclude Include="..\..\..\include\Core\Math\Vector2.h">
      <Filter>Header Files\Core\Math</Filter>
    </ClInclude>
    <ClInclude Include="..\..\..\include\Core\Math\Constants.h">
      <Filter>Header Files\Core\Math</Filter>
    </ClInclude>
    <ClInclude Include="..\..\..\include\Core\Math\Basics.h">
      <Filter>Header Files\Core\Math</Filter>
    </ClInclude>
    <ClInclude Include="..\..\..\include\Core\Math\Vector3.h">
      <Filter>Header Files\Core\Math</Filter>
    </ClInclude>
    <ClInclude Include="..\..\..\include\Core\Math\Vector4.h">
      <Filter>Header Files\Core\Math</Filter>
    </ClInclude>
    <ClInclude Include="..\..\..\include\Core\Math\Quaternion.h">
      <Filter>Header Files\Core\Math</Filter>
    </ClInclude>
    <ClInclude Include="..\..\..\include\Core\Math\Matrix.h">
      <Filter>Header Files\Core\Math</Filter>
    </ClInclude>
    <ClInclude Include="..\..\..\include\Core\Math\Rectangle.h">
      <Filter>Header Files\Core\Math</Filter>
    </ClInclude>
    <ClInclude Include="..\..\..\include\Core\Math\Interpolation.h">
      <Filter>Header Files\Core\Math</Filter>
    </ClInclude>
    <ClInclude Include="..\..\..\include\Core\Math\AABB.h">
      <Filter>Header Files\Core\Math</Filter>
    </ClInclude>
    <ClInclude Include="..\..\..\include\Core\Math\Plane.h">
      <Filter>Header Files\Core\Math</Filter>
    </ClInclude>
    <ClInclude Include="..\..\..\include\Core\Math\Frustum.h">
      <Filter>Header Files\Core\Math</Filter>
    </ClInclude>
    <ClInclude Include="..\..\..\include\Core\Diagnostics\Logging.h">
      <Filter>Header Files\Core\Diagnostics</Filter>
    </ClInclude>
    <ClInclude Include="..\..\..\include\Core\Threading\ThreadUtils.h">
      <Filter>Header Files\Core\Threading</Filter>
    </ClInclude>
    <ClInclude Include="..\..\..\include\Core\Diagnostics\StackTrace.h">
      <Filter>Header Files\Core\Diagnostics</Filter>
    </ClInclude>
    <ClInclude Include="..\..\..\include\Core\Diagnostics\DbgUtils.h">
      <Filter>Header Files\Core\Diagnostics</Filter>
    </ClInclude>
    <ClInclude Include="..\..\..\include\Core\Diagnostics\Memory.h">
      <Filter>Header Files\Core\Diagnostics</Filter>
    </ClInclude>
    <ClInclude Include="..\..\..\include\Core\Events\DelegateObsevers.h">
      <Filter>Header Files\Core\Events</Filter>
    </ClInclude>
    <ClInclude Include="..\..\..\include\Core\Events\EventArgs.h">
      <Filter>Header Files\Core\Events</Filter>
    </ClInclude>
    <ClInclude Include="..\..\..\include\Core\Events\EventBus.h">
      <Filter>Header Files\Core\Events</Filter>
    </ClInclude>
    <ClInclude Include="..\..\..\include\Core\Events\ValueChangedEventArgs.h">
      <Filter>Header Files\Core\Events</Filter>
    </ClInclude>
    <ClInclude Include="..\..\..\include\Core\Platform\Windows\RegistryFetcher.h">
      <Filter>Header Files\Core\Platform\Windows</Filter>
    </ClInclude>
    <ClInclude Include="..\..\..\include\Core\Threading\PuThread.h">
      <Filter>Header Files\Core\Threading</Filter>
    </ClInclude>
    <ClInclude Include="..\..\..\include\Core\Threading\TickThread.h">
      <Filter>Header Files\Core\Threading</Filter>
    </ClInclude>
    <ClInclude Include="..\..\..\include\Core\EnumUtils.h">
      <Filter>Header Files\Core</Filter>
    </ClInclude>
    <ClInclude Include="..\..\..\include\Core\Diagnostics\Stopwatch.h">
      <Filter>Header Files\Core\Diagnostics</Filter>
    </ClInclude>
    <ClInclude Include="..\..\..\include\Core\String.h">
      <Filter>Header Files\Core</Filter>
    </ClInclude>
    <ClInclude Include="..\..\..\include\Streams\SeekOrigin.h">
      <Filter>Header Files\Streams</Filter>
    </ClInclude>
    <ClInclude Include="..\..\..\include\Streams\StreamReader.h">
      <Filter>Header Files\Streams</Filter>
    </ClInclude>
    <ClInclude Include="..\..\..\include\Streams\FileReader.h">
      <Filter>Header Files\Streams</Filter>
    </ClInclude>
    <ClInclude Include="..\..\..\include\Core\Math\Conversion.h">
      <Filter>Header Files\Core\Math</Filter>
    </ClInclude>
    <ClInclude Include="..\..\..\include\Streams\BinaryReader.h">
      <Filter>Header Files\Streams</Filter>
    </ClInclude>
    <ClInclude Include="..\..\..\include\Graphics\Vulkan\Instance.h">
      <Filter>Header Files\Graphics\Vulkan</Filter>
    </ClInclude>
    <ClInclude Include="..\..\..\include\Graphics\Vulkan\Loader.h">
      <Filter>Header Files\Graphics\Vulkan</Filter>
    </ClInclude>
    <ClInclude Include="..\..\..\include\Graphics\Vulkan\VulkanEnums.h">
      <Filter>Header Files\Graphics\Vulkan\Native</Filter>
    </ClInclude>
    <ClInclude Include="..\..\..\include\Graphics\Vulkan\VulkanFunctions.h">
      <Filter>Header Files\Graphics\Vulkan\Native</Filter>
    </ClInclude>
    <ClInclude Include="..\..\..\include\Graphics\Vulkan\VulkanGlobals.h">
      <Filter>Header Files\Graphics\Vulkan\Native</Filter>
    </ClInclude>
    <ClInclude Include="..\..\..\include\Graphics\Vulkan\VulkanObjects.h">
      <Filter>Header Files\Graphics\Vulkan\Native</Filter>
    </ClInclude>
    <ClInclude Include="..\..\..\include\Graphics\Vulkan\VulkanPlatform.h">
      <Filter>Header Files\Graphics\Vulkan\Native</Filter>
    </ClInclude>
    <ClInclude Include="..\..\..\include\Graphics\Vulkan\PhysicalDevice.h">
      <Filter>Header Files\Graphics\Vulkan</Filter>
    </ClInclude>
    <ClInclude Include="..\..\..\include\Graphics\Vulkan\LogicalDevice.h">
      <Filter>Header Files\Graphics\Vulkan</Filter>
    </ClInclude>
    <ClInclude Include="..\..\..\include\Graphics\Vulkan\Queue.h">
      <Filter>Header Files\Graphics\Vulkan</Filter>
    </ClInclude>
    <ClInclude Include="..\..\..\include\Graphics\Platform\NativeWindow.h">
      <Filter>Header Files\Graphics\Platform</Filter>
    </ClInclude>
    <ClInclude Include="..\..\..\include\Graphics\Platform\WindowMode.h">
      <Filter>Header Files\Graphics\Platform</Filter>
    </ClInclude>
    <ClInclude Include="..\..\..\include\Graphics\Platform\Windows\Win32Window.h">
      <Filter>Header Files\Graphics\Platform\Windows</Filter>
    </ClInclude>
    <ClInclude Include="..\..\..\include\Graphics\Platform\GameWindow.h">
      <Filter>Header Files\Graphics\Platform</Filter>
    </ClInclude>
    <ClInclude Include="..\..\..\include\Graphics\Vulkan\Semaphore.h">
      <Filter>Header Files\Graphics\Vulkan</Filter>
    </ClInclude>
    <ClInclude Include="..\..\..\include\Graphics\Vulkan\Swapchain.h">
      <Filter>Header Files\Graphics\Vulkan</Filter>
    </ClInclude>
    <ClInclude Include="..\..\..\include\Graphics\Vulkan\CommandPool.h">
      <Filter>Header Files\Graphics\Vulkan</Filter>
    </ClInclude>
    <ClInclude Include="..\..\..\include\Graphics\Vulkan\CommandBuffer.h">
      <Filter>Header Files\Graphics\Vulkan</Filter>
    </ClInclude>
    <ClInclude Include="..\..\..\include\Graphics\Color.h">
      <Filter>Header Files\Graphics</Filter>
    </ClInclude>
    <ClInclude Include="..\..\..\include\Core\Platform\Windows\Windows.h">
      <Filter>Header Files\Core\Platform\Windows</Filter>
    </ClInclude>
    <ClInclude Include="..\..\..\include\Graphics\Vulkan\Surface.h">
      <Filter>Header Files\Graphics\Vulkan</Filter>
    </ClInclude>
    <ClInclude Include="..\..\..\include\Streams\StreamWriter.h">
      <Filter>Header Files\Streams</Filter>
    </ClInclude>
    <ClInclude Include="..\..\..\include\Streams\FileWriter.h">
      <Filter>Header Files\Streams</Filter>
    </ClInclude>
    <ClInclude Include="..\..\..\include\Graphics\Vulkan\SPIR-V\SPIR-VReader.h">
      <Filter>Header Files\Graphics\Vulkan\SPIR-V</Filter>
    </ClInclude>
    <ClInclude Include="..\..\..\include\Graphics\Vulkan\SPIR-V\SPIRV.h">
      <Filter>Header Files\Graphics\Vulkan\SPIR-V</Filter>
    </ClInclude>
    <ClInclude Include="..\..\..\include\Core\Collections\squeue.h">
      <Filter>Header Files\Core\Collections</Filter>
    </ClInclude>
    <ClInclude Include="..\..\..\include\Core\Collections\pool.h">
      <Filter>Header Files\Core\Collections</Filter>
    </ClInclude>
    <ClInclude Include="..\..\..\include\Core\Collections\vector.h">
      <Filter>Header Files\Core\Collections</Filter>
    </ClInclude>
    <ClInclude Include="..\..\..\include\Core\Threading\Tasks\Task.h">
      <Filter>Header Files\Core\Threading\Tasks</Filter>
    </ClInclude>
    <ClInclude Include="..\..\..\include\Core\Threading\Tasks\Scheduler.h">
      <Filter>Header Files\Core\Threading\Tasks</Filter>
    </ClInclude>
    <ClInclude Include="..\..\..\include\Core\Collections\sdeque.h">
      <Filter>Header Files\Core\Collections</Filter>
    </ClInclude>
    <ClInclude Include="..\..\..\include\Core\Events\UserEventArgs.h">
      <Filter>Header Files\Core\Events</Filter>
    </ClInclude>
    <ClInclude Include="..\..\..\include\Graphics\Vulkan\SPIR-V\FieldInfo.h">
      <Filter>Header Files\Graphics\Vulkan\SPIR-V</Filter>
    </ClInclude>
    <ClInclude Include="..\..\..\include\Graphics\Vulkan\SPIR-V\Decoration.h">
      <Filter>Header Files\Graphics\Vulkan\SPIR-V</Filter>
    </ClInclude>
    <ClInclude Include="..\..\..\include\Graphics\Vulkan\Shaders\Field.h">
      <Filter>Header Files\Graphics\Vulkan\Shaders</Filter>
    </ClInclude>
    <ClInclude Include="..\..\..\include\Graphics\Vulkan\Shaders\Output.h">
      <Filter>Header Files\Graphics\Vulkan\Shaders</Filter>
    </ClInclude>
    <ClInclude Include="..\..\..\include\Graphics\Vulkan\Shaders\OutputUsage.h">
      <Filter>Header Files\Graphics\Vulkan\Shaders</Filter>
    </ClInclude>
    <ClInclude Include="..\..\..\include\Graphics\Vulkan\ImageView.h">
      <Filter>Header Files\Graphics\Vulkan</Filter>
    </ClInclude>
    <ClInclude Include="..\..\..\include\Graphics\Vulkan\Framebuffer.h">
      <Filter>Header Files\Graphics\Vulkan</Filter>
    </ClInclude>
    <ClInclude Include="..\..\..\include\Application.h">
      <Filter>Header Files</Filter>
    </ClInclude>
    <ClInclude Include="..\..\..\include\Graphics\Platform\Display.h">
      <Filter>Header Files\Graphics\Platform</Filter>
    </ClInclude>
    <ClInclude Include="..\..\..\include\Config.h">
      <Filter>Header Files</Filter>
    </ClInclude>
    <ClInclude Include="..\..\..\include\Graphics\Vulkan\Fence.h">
      <Filter>Header Files\Graphics\Vulkan</Filter>
    </ClInclude>
    <ClInclude Include="..\..\..\include\Graphics\Vulkan\Shaders\Attribute.h">
      <Filter>Header Files\Graphics\Vulkan\Shaders</Filter>
    </ClInclude>
    <ClInclude Include="..\..\..\include\Graphics\Vulkan\Buffer.h">
      <Filter>Header Files\Graphics\Vulkan</Filter>
    </ClInclude>
    <ClInclude Include="..\..\..\include\Graphics\VertexLayouts\ColoredVertex2D.h">
      <Filter>Header Files\Graphics\VertexLayouts</Filter>
    </ClInclude>
    <ClInclude Include="..\..\..\include\Graphics\VertexLayouts\ColoredVertex3D.h">
      <Filter>Header Files\Graphics\VertexLayouts</Filter>
    </ClInclude>
    <ClInclude Include="..\..\..\include\Streams\BitStreamReader.h">
      <Filter>Header Files\Streams</Filter>
    </ClInclude>
    <ClInclude Include="..\..\..\include\Graphics\Resources\ImageHandler.h">
      <Filter>Header Files\Graphics\Resources</Filter>
    </ClInclude>
    <ClInclude Include="..\..\..\include\Graphics\Vulkan\Image.h">
      <Filter>Header Files\Graphics\Vulkan</Filter>
    </ClInclude>
    <ClInclude Include="..\..\..\include\Graphics\VertexLayouts\Image2D.h">
      <Filter>Header Files\Graphics\VertexLayouts</Filter>
    </ClInclude>
    <ClInclude Include="..\..\..\include\Graphics\Vulkan\DescriptorPool.h">
      <Filter>Header Files\Graphics\Vulkan</Filter>
    </ClInclude>
    <ClInclude Include="..\..\..\include\Graphics\Vulkan\DescriptorSet.h">
      <Filter>Header Files\Graphics\Vulkan</Filter>
    </ClInclude>
    <ClInclude Include="..\..\..\include\Graphics\Textures\Sampler.h">
      <Filter>Header Files\Graphics\Textures</Filter>
    </ClInclude>
    <ClInclude Include="..\..\..\include\Graphics\Textures\Texture.h">
      <Filter>Header Files\Graphics\Textures</Filter>
    </ClInclude>
    <ClInclude Include="..\..\..\include\Graphics\Textures\Texture2D.h">
      <Filter>Header Files\Graphics\Textures</Filter>
    </ClInclude>
    <ClInclude Include="..\..\..\include\Content\Asset.h">
      <Filter>Header Files\Content</Filter>
    </ClInclude>
    <ClInclude Include="..\..\..\include\Content\AssetCache.h">
      <Filter>Header Files\Content</Filter>
    </ClInclude>
    <ClInclude Include="..\..\..\include\Content\AssetLoader.h">
      <Filter>Header Files\Content</Filter>
    </ClInclude>
    <ClInclude Include="..\..\..\include\Content\AssetFetcher.h">
      <Filter>Header Files\Content</Filter>
    </ClInclude>
    <ClInclude Include="..\..\..\include\Graphics\Resources\BufferView.h">
      <Filter>Header Files\Graphics\Resources</Filter>
    </ClInclude>
    <ClInclude Include="..\..\..\include\Graphics\Resources\StagingBuffer.h">
      <Filter>Header Files\Graphics\Resources</Filter>
    </ClInclude>
    <ClInclude Include="..\..\..\include\Core\Diagnostics\NotImplementedException.h">
      <Filter>Header Files\Core\Diagnostics</Filter>
    </ClInclude>
    <ClInclude Include="..\..\..\include\Graphics\VertexLayouts\SkinnedAnimated.h">
      <Filter>Header Files\Graphics\VertexLayouts</Filter>
    </ClInclude>
    <ClInclude Include="..\..\..\include\Input\ButtonEventArgs.h">
      <Filter>Header Files\Input</Filter>
    </ClInclude>
    <ClInclude Include="..\..\..\include\Input\InputDevice.h">
      <Filter>Header Files\Input</Filter>
    </ClInclude>
    <ClInclude Include="..\..\..\include\Input\InputDeviceHandler.h">
      <Filter>Header Files\Input</Filter>
    </ClInclude>
    <ClInclude Include="..\..\..\include\Input\HID.h">
      <Filter>Header Files\Input</Filter>
    </ClInclude>
    <ClInclude Include="..\..\..\include\Input\Keyboard.h">
      <Filter>Header Files\Input</Filter>
    </ClInclude>
    <ClInclude Include="..\..\..\include\Input\Keys.h">
      <Filter>Header Files\Input</Filter>
    </ClInclude>
    <ClInclude Include="..\..\..\include\Graphics\Models\UniformBlock.h">
      <Filter>Header Files\Graphics\Models</Filter>
    </ClInclude>
    <ClInclude Include="..\..\..\include\Graphics\VertexLayouts\Image3D.h">
      <Filter>Header Files\Graphics\VertexLayouts</Filter>
    </ClInclude>
    <ClInclude Include="..\..\..\include\Components\Component.h">
      <Filter>Header Files\Components</Filter>
    </ClInclude>
    <ClInclude Include="..\..\..\include\Components\Camera.h">
      <Filter>Header Files\Components</Filter>
    </ClInclude>
    <ClInclude Include="..\..\..\include\Components\FpsCamera.h">
      <Filter>Header Files\Components</Filter>
    </ClInclude>
    <ClInclude Include="..\..\..\include\Components\FreeCamera.h">
      <Filter>Header Files\Components</Filter>
    </ClInclude>
    <ClInclude Include="..\..\..\include\Input\Mouse.h">
      <Filter>Header Files\Input</Filter>
    </ClInclude>
    <ClInclude Include="..\..\..\include\Input\MouseButtons.h">
      <Filter>Header Files\Input</Filter>
    </ClInclude>
    <ClInclude Include="..\..\..\include\Core\Diagnostics\CPU.h">
      <Filter>Header Files\Core\Diagnostics</Filter>
    </ClInclude>
    <ClInclude Include="..\..\..\include\Content\Patern.h">
      <Filter>Header Files\Content</Filter>
    </ClInclude>
    <ClInclude Include="..\..\..\include\Graphics\Vulkan\SPIR-V\FieldType.h">
      <Filter>Header Files\Graphics\Vulkan\SPIR-V</Filter>
    </ClInclude>
    <ClInclude Include="..\..\..\include\Core\Platform\DynamicLibLoader.h">
      <Filter>Header Files\Core\Platform</Filter>
    </ClInclude>
    <ClInclude Include="..\..\..\include\Graphics\Textures\DepthBuffer.h">
      <Filter>Header Files\Graphics\Textures</Filter>
    </ClInclude>
    <ClInclude Include="..\..\..\include\Graphics\Vulkan\Shaders\Shader.h">
      <Filter>Header Files\Graphics\Vulkan\Shaders</Filter>
    </ClInclude>
    <ClInclude Include="..\..\..\include\Graphics\Text\Glyph.h">
      <Filter>Header Files\Graphics\Text</Filter>
    </ClInclude>
    <ClInclude Include="..\..\..\include\Graphics\Text\Font.h">
      <Filter>Header Files\Graphics\Text</Filter>
    </ClInclude>
    <ClInclude Include="..\..\..\include\Graphics\Textures\ImageSaveFormats.h">
      <Filter>Header Files\Graphics\Textures</Filter>
    </ClInclude>
    <ClInclude Include="..\..\..\include\Content\AssetSaver.h">
      <Filter>Header Files\Content</Filter>
    </ClInclude>
    <ClInclude Include="..\..\..\include\Graphics\Text\CodeChart.h">
      <Filter>Header Files\Graphics\Text</Filter>
    </ClInclude>
    <ClInclude Include="..\..\..\include\Graphics\Text\CodeChartIterator.h">
      <Filter>Header Files\Graphics\Text</Filter>
    </ClInclude>
    <ClInclude Include="..\..\..\include\Graphics\Resources\DynamicBuffer.h">
      <Filter>Header Files\Graphics\Resources</Filter>
    </ClInclude>
    <ClInclude Include="..\..\..\include\Graphics\Text\TextBuffer.h">
      <Filter>Header Files\Graphics\Text</Filter>
    </ClInclude>
    <ClInclude Include="..\..\..\include\Graphics\Text\TextUniformBlock.h">
      <Filter>Header Files\Graphics\Text</Filter>
    </ClInclude>
    <ClInclude Include="..\..\..\include\Graphics\Vulkan\VulkanProcedres.h">
      <Filter>Header Files\Graphics\Vulkan\Native</Filter>
    </ClInclude>
    <ClInclude Include="..\..\..\include\Streams\Stream.h">
      <Filter>Header Files\Streams</Filter>
    </ClInclude>
    <ClInclude Include="..\..\..\include\Streams\BinaryWriter.h">
      <Filter>Header Files\Streams</Filter>
    </ClInclude>
    <ClInclude Include="..\..\..\include\Content\PumLoader.h">
      <Filter>Header Files\Content</Filter>
    </ClInclude>
    <ClInclude Include="..\..\..\include\Graphics\Vulkan\QueryPool.h">
      <Filter>Header Files\Graphics\Vulkan</Filter>
    </ClInclude>
    <ClInclude Include="..\..\..\include\Graphics\Vulkan\VulkanInstanceProcedures.h">
      <Filter>Header Files\Graphics\Vulkan\Native</Filter>
    </ClInclude>
    <ClInclude Include="..\..\..\deps\imgui\include\imconfig.h">
      <Filter>Third Party</Filter>
    </ClInclude>
    <ClInclude Include="..\..\..\include\Core\Math\Triangulation.h">
      <Filter>Header Files\Core\Math</Filter>
    </ClInclude>
    <ClInclude Include="..\..\..\include\Graphics\Models\Mesh.h">
      <Filter>Header Files\Graphics\Models</Filter>
    </ClInclude>
    <ClInclude Include="..\..\..\include\Graphics\Diagnostics\DebugRenderer.h">
      <Filter>Header Files\Graphics\Diagnostics</Filter>
    </ClInclude>
    <ClInclude Include="..\..\..\include\Graphics\Diagnostics\DebugRendererUniformBlock.h">
      <Filter>Header Files\Graphics\Diagnostics</Filter>
    </ClInclude>
    <ClInclude Include="..\..\..\include\Core\Math\Line.h">
      <Filter>Header Files\Core\Math</Filter>
    </ClInclude>
    <ClInclude Include="..\..\..\include\Input\GamePad.h">
      <Filter>Header Files\Input</Filter>
    </ClInclude>
    <ClInclude Include="..\..\..\include\Input\Sliders.h">
      <Filter>Header Files\Input</Filter>
    </ClInclude>
    <ClInclude Include="..\..\..\include\Input\ButtonInformation.h">
      <Filter>Header Files\Input</Filter>
    </ClInclude>
    <ClInclude Include="..\..\..\include\Input\ValueInformation.h">
      <Filter>Header Files\Input</Filter>
    </ClInclude>
    <ClInclude Include="..\..\..\include\Input\ValueEventArgs.h">
      <Filter>Header Files\Input</Filter>
    </ClInclude>
    <ClInclude Include="..\..\..\include\Graphics\Vulkan\Shaders\Descriptor.h">
      <Filter>Header Files\Graphics\Vulkan\Shaders</Filter>
    </ClInclude>
    <ClInclude Include="..\..\..\include\Graphics\Vulkan\Shaders\Subpass.h">
      <Filter>Header Files\Graphics\Vulkan\Shaders</Filter>
    </ClInclude>
    <ClInclude Include="..\..\..\include\Graphics\Vulkan\Shaders\Renderpass.h">
      <Filter>Header Files\Graphics\Vulkan\Shaders</Filter>
    </ClInclude>
    <ClInclude Include="..\..\..\include\Graphics\Vulkan\Shaders\GraphicsPipeline.h">
      <Filter>Header Files\Graphics\Vulkan\Shaders</Filter>
    </ClInclude>
    <ClInclude Include="..\..\..\include\Graphics\Models\ShapeCreator.h">
      <Filter>Header Files\Graphics\Models</Filter>
    </ClInclude>
    <ClInclude Include="..\..\..\include\Graphics\VertexLayouts\Basic3D.h">
      <Filter>Header Files\Graphics\VertexLayouts</Filter>
    </ClInclude>
    <ClInclude Include="..\..\..\include\Graphics\Textures\DefaultTexture.h">
      <Filter>Header Files\Graphics\Textures</Filter>
    </ClInclude>
    <ClInclude Include="..\..\..\include\Graphics\Models\Material.h">
      <Filter>Header Files\Graphics\Models</Filter>
    </ClInclude>
    <ClInclude Include="..\..\..\include\Core\Math\PerlinNoise.h">
      <Filter>Header Files\Core\Math</Filter>
    </ClInclude>
    <ClInclude Include="..\..\..\include\Core\Math\SquareDiamondNoise.h">
      <Filter>Header Files\Core\Math</Filter>
    </ClInclude>
    <ClInclude Include="..\..\..\include\Core\Math\Point.h">
      <Filter>Header Files\Core\Math</Filter>
    </ClInclude>
    <ClInclude Include="..\..\..\include\Networking\Core\Socket.h">
      <Filter>Header Files\Networking\Core</Filter>
    </ClInclude>
    <ClInclude Include="..\..\..\include\Networking\Core\AddressFamily.h">
      <Filter>Header Files\Networking\Core</Filter>
    </ClInclude>
    <ClInclude Include="..\..\..\include\Networking\Core\SocketType.h">
      <Filter>Header Files\Networking\Core</Filter>
    </ClInclude>
    <ClInclude Include="..\..\..\include\Networking\Core\Protocol.h">
      <Filter>Header Files\Networking\Core</Filter>
    </ClInclude>
    <ClInclude Include="..\..\..\include\Networking\Core\IPAddress.h">
      <Filter>Header Files\Networking\Core</Filter>
    </ClInclude>
    <ClInclude Include="..\..\..\include\Networking\Core\SocketOption.h">
      <Filter>Header Files\Networking\Core</Filter>
    </ClInclude>
    <ClInclude Include="..\..\..\include\Networking\UPnP\SSDP.h">
      <Filter>Header Files\Networking\UPnP</Filter>
    </ClInclude>
    <ClInclude Include="..\..\..\include\Networking\UPnP\SSDPResponse.h">
      <Filter>Header Files\Networking\UPnP</Filter>
    </ClInclude>
    <ClInclude Include="..\..\..\include\Networking\UPnP\HTTPU.h">
      <Filter>Header Files\Networking\UPnP</Filter>
    </ClInclude>
    <ClInclude Include="..\..\..\include\Networking\UPnP\HttpMethod.h">
      <Filter>Header Files\Networking\Core</Filter>
    </ClInclude>
    <ClInclude Include="..\..\..\deps\tinyxml\tinyxml2.h">
      <Filter>Third Party</Filter>
    </ClInclude>
    <ClInclude Include="..\..\..\include\Networking\UPnP\UPnP.h">
      <Filter>Header Files\Networking\UPnP</Filter>
    </ClInclude>
    <ClInclude Include="..\..\..\include\Networking\UPnP\SOAP.h">
      <Filter>Header Files\Networking\UPnP</Filter>
    </ClInclude>
    <ClInclude Include="..\..\..\include\Networking\Core\IpHeader.h">
      <Filter>Header Files\Networking\Core</Filter>
    </ClInclude>
    <ClInclude Include="..\..\..\include\Networking\Core\ICMP.h">
      <Filter>Header Files\Networking\Core</Filter>
    </ClInclude>
    <ClInclude Include="..\..\..\include\Graphics\Vulkan\Shaders\PushConstant.h">
      <Filter>Header Files\Graphics\Vulkan\Shaders</Filter>
    </ClInclude>
  </ItemGroup>
  <ItemGroup>
    <ClCompile Include="..\..\..\src\Core\Math\Matrix.cpp">
      <Filter>Source Files\Core\Math</Filter>
    </ClCompile>
    <ClCompile Include="..\..\..\src\Core\Math\Quaternion.cpp">
      <Filter>Source Files\Core\Math</Filter>
    </ClCompile>
    <ClCompile Include="..\..\..\src\Core\Math\Rectangle.cpp">
      <Filter>Source Files\Core\Math</Filter>
    </ClCompile>
    <ClCompile Include="..\..\..\src\Core\Math\AABB.cpp">
      <Filter>Source Files\Core\Math</Filter>
    </ClCompile>
    <ClCompile Include="..\..\..\src\Core\Threading\ThreadUtils.cpp">
      <Filter>Source Files\Core\Threading</Filter>
    </ClCompile>
    <ClCompile Include="..\..\..\src\Core\Diagnostics\DbgUtils.cpp">
      <Filter>Source Files\Core\Diagnostics</Filter>
    </ClCompile>
    <ClCompile Include="..\..\..\src\Core\Diagnostics\StackTrace.cpp">
      <Filter>Source Files\Core\Diagnostics</Filter>
    </ClCompile>
    <ClCompile Include="..\..\..\src\Core\Diagnostics\Logging.cpp">
      <Filter>Source Files\Core\Diagnostics</Filter>
    </ClCompile>
    <ClCompile Include="..\..\..\src\Core\Diagnostics\Memory.cpp">
      <Filter>Source Files\Core\Diagnostics</Filter>
    </ClCompile>
    <ClCompile Include="..\..\..\src\Core\Platform\Windows\RegistryFetcher.cpp">
      <Filter>Source Files\Core\Platform\Windows</Filter>
    </ClCompile>
    <ClCompile Include="..\..\..\src\Core\Threading\PuThread.cpp">
      <Filter>Source Files\Core\Threading</Filter>
    </ClCompile>
    <ClCompile Include="..\..\..\src\Core\Threading\TickThread.cpp">
      <Filter>Source Files\Core\Threading</Filter>
    </ClCompile>
    <ClCompile Include="..\..\..\src\Streams\FileReader.cpp">
      <Filter>Source Files\Streams</Filter>
    </ClCompile>
    <ClCompile Include="..\..\..\src\Core\Math\Conversion.cpp">
      <Filter>Source Files\Core\Math</Filter>
    </ClCompile>
    <ClCompile Include="..\..\..\src\Streams\BinaryReader.cpp">
      <Filter>Source Files\Streams</Filter>
    </ClCompile>
    <ClCompile Include="..\..\..\src\Graphics\Vulkan\Instance.cpp">
      <Filter>Source Files\Graphics\Vulkan</Filter>
    </ClCompile>
    <ClCompile Include="..\..\..\src\Graphics\Vulkan\PhysicalDevice.cpp">
      <Filter>Source Files\Graphics\Vulkan</Filter>
    </ClCompile>
    <ClCompile Include="..\..\..\src\Graphics\Vulkan\LogicalDevice.cpp">
      <Filter>Source Files\Graphics\Vulkan</Filter>
    </ClCompile>
    <ClCompile Include="..\..\..\src\Graphics\Vulkan\Queue.cpp">
      <Filter>Source Files\Graphics\Vulkan</Filter>
    </ClCompile>
    <ClCompile Include="..\..\..\src\Graphics\Vulkan\Surface.cpp">
      <Filter>Source Files\Graphics\Vulkan</Filter>
    </ClCompile>
    <ClCompile Include="..\..\..\src\Graphics\Platform\NativeWindow.cpp">
      <Filter>Source Files\Graphics\Platform</Filter>
    </ClCompile>
    <ClCompile Include="..\..\..\src\Graphics\Platform\Windows\Win32Window.cpp">
      <Filter>Source Files\Graphics\Platform\Windows</Filter>
    </ClCompile>
    <ClCompile Include="..\..\..\src\Graphics\Vulkan\Semaphore.cpp">
      <Filter>Source Files\Graphics\Vulkan</Filter>
    </ClCompile>
    <ClCompile Include="..\..\..\src\Graphics\Vulkan\Swapchain.cpp">
      <Filter>Source Files\Graphics\Vulkan</Filter>
    </ClCompile>
    <ClCompile Include="..\..\..\src\Graphics\Platform\GameWindow.cpp">
      <Filter>Source Files\Graphics\Platform</Filter>
    </ClCompile>
    <ClCompile Include="..\..\..\src\Graphics\Vulkan\CommandPool.cpp">
      <Filter>Source Files\Graphics\Vulkan</Filter>
    </ClCompile>
    <ClCompile Include="..\..\..\src\Graphics\Vulkan\CommandBuffer.cpp">
      <Filter>Source Files\Graphics\Vulkan</Filter>
    </ClCompile>
    <ClCompile Include="..\..\..\src\Graphics\Color.cpp">
      <Filter>Source Files\Graphics</Filter>
    </ClCompile>
    <ClCompile Include="..\..\..\src\Streams\FileWriter.cpp">
      <Filter>Source Files\Streams</Filter>
    </ClCompile>
    <ClCompile Include="..\..\..\src\Graphics\Vulkan\SPIR-V\SPIR-VReader.cpp">
      <Filter>Source Files\Graphics\Vulkan\SPIR-V</Filter>
    </ClCompile>
    <ClCompile Include="..\..\..\src\Core\Threading\Tasks\Task.cpp">
      <Filter>Source Files\Core\Threading\Tasks</Filter>
    </ClCompile>
    <ClCompile Include="..\..\..\src\Core\Threading\Tasks\Scheduler.cpp">
      <Filter>Source Files\Core\Threading\Tasks</Filter>
    </ClCompile>
    <ClCompile Include="..\..\..\src\Graphics\Vulkan\Shaders\Output.cpp">
      <Filter>Source Files\Graphics\Vulkan\Shaders</Filter>
    </ClCompile>
    <ClCompile Include="..\..\..\src\Graphics\Vulkan\ImageView.cpp">
      <Filter>Source Files\Graphics\Vulkan</Filter>
    </ClCompile>
    <ClCompile Include="..\..\..\src\Graphics\Vulkan\Framebuffer.cpp">
      <Filter>Source Files\Graphics\Vulkan</Filter>
    </ClCompile>
    <ClCompile Include="..\..\..\src\Application.cpp">
      <Filter>Source Files</Filter>
    </ClCompile>
    <ClCompile Include="..\..\..\src\Graphics\Platform\Display.cpp">
      <Filter>Source Files\Graphics\Platform</Filter>
    </ClCompile>
    <ClCompile Include="..\..\..\src\Graphics\Vulkan\Fence.cpp">
      <Filter>Source Files\Graphics\Vulkan</Filter>
    </ClCompile>
    <ClCompile Include="..\..\..\src\Graphics\Vulkan\Shaders\Attribute.cpp">
      <Filter>Source Files\Graphics\Vulkan\Shaders</Filter>
    </ClCompile>
    <ClCompile Include="..\..\..\src\Graphics\Vulkan\Buffer.cpp">
      <Filter>Source Files\Graphics\Vulkan</Filter>
    </ClCompile>
    <ClCompile Include="..\..\..\src\Streams\BitStreamReader.cpp">
      <Filter>Source Files\Streams</Filter>
    </ClCompile>
    <ClCompile Include="..\..\..\src\Graphics\Resources\ImageHandler.cpp">
      <Filter>Source Files\Graphics\Resources</Filter>
    </ClCompile>
    <ClCompile Include="..\..\..\src\Graphics\Vulkan\Image.cpp">
      <Filter>Source Files\Graphics\Vulkan</Filter>
    </ClCompile>
    <ClCompile Include="..\..\..\src\Graphics\Vulkan\DescriptorPool.cpp">
      <Filter>Source Files\Graphics\Vulkan</Filter>
    </ClCompile>
    <ClCompile Include="..\..\..\src\Graphics\Vulkan\DescriptorSet.cpp">
      <Filter>Source Files\Graphics\Vulkan</Filter>
    </ClCompile>
    <ClCompile Include="..\..\..\src\Graphics\Textures\Sampler.cpp">
      <Filter>Source Files\Graphics\Textures</Filter>
    </ClCompile>
    <ClCompile Include="..\..\..\src\Graphics\Textures\Texture.cpp">
      <Filter>Source Files\Graphics\Textures</Filter>
    </ClCompile>
    <ClCompile Include="..\..\..\src\Graphics\Textures\Texture2D.cpp">
      <Filter>Source Files\Graphics\Textures</Filter>
    </ClCompile>
    <ClCompile Include="..\..\..\src\Content\Asset.cpp">
      <Filter>Source Files\Content</Filter>
    </ClCompile>
    <ClCompile Include="..\..\..\src\Content\AssetCache.cpp">
      <Filter>Source Files\Content</Filter>
    </ClCompile>
    <ClCompile Include="..\..\..\src\Content\AssetLoader.cpp">
      <Filter>Source Files\Content</Filter>
    </ClCompile>
    <ClCompile Include="..\..\..\src\Content\AssetFetcher.cpp">
      <Filter>Source Files\Content</Filter>
    </ClCompile>
    <ClCompile Include="..\..\..\src\Graphics\Resources\BufferView.cpp">
      <Filter>Source Files\Graphics\Resources</Filter>
    </ClCompile>
    <ClCompile Include="..\..\..\src\Graphics\Resources\StagingBuffer.cpp">
      <Filter>Source Files\Graphics\Resources</Filter>
    </ClCompile>
    <ClCompile Include="..\..\..\src\Input\InputDevice.cpp">
      <Filter>Source Files\Input</Filter>
    </ClCompile>
    <ClCompile Include="..\..\..\src\Input\InputDeviceHandler.cpp">
      <Filter>Source Files\Input</Filter>
    </ClCompile>
    <ClCompile Include="..\..\..\src\Input\Keyboard.cpp">
      <Filter>Source Files\Input</Filter>
    </ClCompile>
    <ClCompile Include="..\..\..\src\Graphics\Models\UniformBlock.cpp">
      <Filter>Source Files\Graphics\Models</Filter>
    </ClCompile>
    <ClCompile Include="..\..\..\src\Components\Component.cpp">
      <Filter>Source Files\Components</Filter>
    </ClCompile>
    <ClCompile Include="..\..\..\src\Components\Camera.cpp">
      <Filter>Source Files\Components</Filter>
    </ClCompile>
    <ClCompile Include="..\..\..\src\Components\FpsCamera.cpp">
      <Filter>Source Files\Components</Filter>
    </ClCompile>
    <ClCompile Include="..\..\..\src\Components\FreeCamera.cpp">
      <Filter>Source Files\Components</Filter>
    </ClCompile>
    <ClCompile Include="..\..\..\src\Input\Mouse.cpp">
      <Filter>Source Files\Input</Filter>
    </ClCompile>
    <ClCompile Include="..\..\..\src\Core\Diagnostics\CPU.cpp">
      <Filter>Source Files\Core\Diagnostics</Filter>
    </ClCompile>
    <ClCompile Include="..\..\..\src\Content\Patern.cpp">
      <Filter>Source Files\Content</Filter>
    </ClCompile>
    <ClCompile Include="..\..\..\src\Graphics\Vulkan\SPIR-V\FieldType.cpp">
      <Filter>Source Files\Graphics\Vulkan\SPIR-V</Filter>
    </ClCompile>
    <ClCompile Include="..\..\..\src\Core\Platform\DynamicLibLoader.cpp">
      <Filter>Source Files\Core\Platform</Filter>
    </ClCompile>
    <ClCompile Include="..\..\..\src\Graphics\Textures\DepthBuffer.cpp">
      <Filter>Source Files\Graphics\Textures</Filter>
    </ClCompile>
    <ClCompile Include="..\..\..\src\Graphics\Vulkan\Shaders\Shader.cpp">
      <Filter>Source Files\Graphics\Vulkan\Shaders</Filter>
    </ClCompile>
    <ClCompile Include="..\..\..\src\Content\AssetSaver.cpp">
      <Filter>Source Files\Content</Filter>
    </ClCompile>
    <ClCompile Include="..\..\..\src\Graphics\Text\Font.cpp">
      <Filter>Source Files\Graphics\Text</Filter>
    </ClCompile>
    <ClCompile Include="..\..\..\src\Graphics\Text\CodeChart.cpp">
      <Filter>Source Files\Graphics\Text</Filter>
    </ClCompile>
    <ClCompile Include="..\..\..\src\Graphics\Resources\DynamicBuffer.cpp">
      <Filter>Source Files\Graphics\Resources</Filter>
    </ClCompile>
    <ClCompile Include="..\..\..\src\Graphics\Text\TextBuffer.cpp">
      <Filter>Source Files\Graphics\Text</Filter>
    </ClCompile>
    <ClCompile Include="..\..\..\src\Graphics\Text\TextUniformBlock.cpp">
      <Filter>Source Files\Graphics\Text</Filter>
    </ClCompile>
    <ClCompile Include="..\..\..\src\Streams\BinaryWriter.cpp">
      <Filter>Source Files\Streams</Filter>
    </ClCompile>
    <ClCompile Include="..\..\..\src\Content\PumLoader.cpp">
      <Filter>Source Files\Content</Filter>
    </ClCompile>
    <ClCompile Include="..\..\..\src\Graphics\Vulkan\QueryPool.cpp">
      <Filter>Source Files\Graphics\Vulkan</Filter>
    </ClCompile>
    <ClCompile Include="..\..\..\deps\imgui\src\imgui.cpp">
      <Filter>Third Party\Source Files</Filter>
    </ClCompile>
    <ClCompile Include="..\..\..\deps\imgui\src\imgui_draw.cpp">
      <Filter>Third Party\Source Files</Filter>
    </ClCompile>
    <ClCompile Include="..\..\..\deps\imgui\src\imgui_impl_vulkan.cpp">
      <Filter>Third Party\Source Files</Filter>
    </ClCompile>
    <ClCompile Include="..\..\..\deps\imgui\src\imgui_impl_win32.cpp">
      <Filter>Third Party\Source Files</Filter>
    </ClCompile>
    <ClCompile Include="..\..\..\deps\imgui\src\imgui_widgets.cpp">
      <Filter>Third Party\Source Files</Filter>
    </ClCompile>
    <ClCompile Include="..\..\..\src\Graphics\Vulkan\VulkanInstanceProcedures.cpp">
      <Filter>Source Files\Graphics\Vulkan\Native</Filter>
    </ClCompile>
    <ClCompile Include="..\..\..\src\Core\Math\Triangulation.cpp">
      <Filter>Source Files\Core\Math</Filter>
    </ClCompile>
    <ClCompile Include="..\..\..\src\Graphics\Models\Mesh.cpp">
      <Filter>Source Files\Graphics\Models</Filter>
    </ClCompile>
    <ClCompile Include="..\..\..\src\Graphics\Diagnostics\DebugRendererUniformBlock.cpp">
      <Filter>Source Files\Graphics\Diagnostics</Filter>
    </ClCompile>
    <ClCompile Include="..\..\..\src\Graphics\Diagnostics\DebugRenderer.cpp">
      <Filter>Source Files\Graphics\Diagnostics</Filter>
    </ClCompile>
    <ClCompile Include="..\..\..\src\Input\GamePad.cpp">
      <Filter>Source Files\Input</Filter>
    </ClCompile>
    <ClCompile Include="..\..\..\src\Graphics\Vulkan\Shaders\Descriptor.cpp">
      <Filter>Source Files\Graphics\Vulkan\Shaders</Filter>
    </ClCompile>
    <ClCompile Include="..\..\..\src\Graphics\Vulkan\Shaders\Subpass.cpp">
      <Filter>Source Files\Graphics\Vulkan\Shaders</Filter>
    </ClCompile>
    <ClCompile Include="..\..\..\src\Graphics\Vulkan\Shaders\Renderpass.cpp">
      <Filter>Source Files\Graphics\Vulkan\Shaders</Filter>
    </ClCompile>
    <ClCompile Include="..\..\..\src\Graphics\Vulkan\Shaders\GraphicsPipeline.cpp">
      <Filter>Source Files\Graphics\Vulkan\Shaders</Filter>
    </ClCompile>
    <ClCompile Include="..\..\..\src\Graphics\Models\ShapeCreator.cpp">
      <Filter>Source Files\Graphics\Models</Filter>
    </ClCompile>
    <ClCompile Include="..\..\..\src\Graphics\Textures\DefaultTexture.cpp">
      <Filter>Source Files\Graphics\Textures</Filter>
    </ClCompile>
    <ClCompile Include="..\..\..\src\Graphics\Models\Material.cpp">
      <Filter>Source Files\Graphics\Models</Filter>
    </ClCompile>
    <ClCompile Include="..\..\..\src\Core\Math\PerlinNoise.cpp">
      <Filter>Source Files\Core\Math</Filter>
    </ClCompile>
    <ClCompile Include="..\..\..\src\Core\Math\SquareDiamondNoise.cpp">
      <Filter>Source Files\Core\Math</Filter>
    </ClCompile>
    <ClCompile Include="..\..\..\src\Networking\Core\IPAddress.cpp">
      <Filter>Source Files\Networking\Core</Filter>
    </ClCompile>
    <ClCompile Include="..\..\..\src\Networking\Core\Socket.cpp">
      <Filter>Source Files\Networking\Core</Filter>
    </ClCompile>
    <ClCompile Include="..\..\..\src\Networking\UPnP\SSDP.cpp">
      <Filter>Source Files\Networking\UPnP</Filter>
    </ClCompile>
    <ClCompile Include="..\..\..\src\Networking\UPnP\HTTPU.cpp">
      <Filter>Source Files\Networking\UPnP</Filter>
    </ClCompile>
    <ClCompile Include="..\..\..\deps\tinyxml\tinyxml2.cpp">
      <Filter>Third Party\Source Files</Filter>
    </ClCompile>
    <ClCompile Include="..\..\..\src\Networking\UPnP\UPnP.cpp">
      <Filter>Source Files\Networking\UPnP</Filter>
    </ClCompile>
    <ClCompile Include="..\..\..\src\Networking\UPnP\SOAP.cpp">
      <Filter>Source Files\Networking\UPnP</Filter>
    </ClCompile>
    <ClCompile Include="..\..\..\src\Graphics\Vulkan\Shaders\PushConstant.cpp">
      <Filter>Source Files\Graphics\Vulkan\Shaders</Filter>
    </ClCompile>
  </ItemGroup>
  <ItemGroup>
    <Natvis Include="..\..\..\visualizers\Vector2.natvis">
      <Filter>Resource Files\Visualizers</Filter>
    </Natvis>
    <Natvis Include="..\..\..\visualizers\EventBus.natvis">
      <Filter>Resource Files\Visualizers</Filter>
    </Natvis>
    <Natvis Include="..\..\..\visualizers\EventSubscriber.natvis">
      <Filter>Resource Files\Visualizers</Filter>
    </Natvis>
    <Natvis Include="..\..\..\visualizers\Matrix.natvis">
      <Filter>Resource Files\Visualizers</Filter>
    </Natvis>
    <Natvis Include="..\..\..\visualizers\Rectangle.natvis">
      <Filter>Resource Files\Visualizers</Filter>
    </Natvis>
    <Natvis Include="..\..\..\visualizers\Vector3.natvis">
      <Filter>Resource Files\Visualizers</Filter>
    </Natvis>
    <Natvis Include="..\..\..\visualizers\Vector4.natvis">
      <Filter>Resource Files\Visualizers</Filter>
    </Natvis>
    <Natvis Include="..\..\..\visualizers\AABB.natvis">
      <Filter>Resource Files\Visualizers</Filter>
    </Natvis>
    <Natvis Include="..\..\..\visualizers\FieldInfo.natvis">
      <Filter>Resource Files\Visualizers</Filter>
    </Natvis>
    <Natvis Include="..\..\..\visualizers\CommandBuffer.natvis">
      <Filter>Resource Files\Visualizers</Filter>
    </Natvis>
    <Natvis Include="..\..\..\visualizers\Asset.natvis">
      <Filter>Resource Files\Visualizers</Filter>
    </Natvis>
    <Natvis Include="..\..\..\visualizers\Font.natvis">
      <Filter>Resource Files\Visualizers</Filter>
    </Natvis>
    <Natvis Include="..\..\..\visualizers\Color.natvis">
      <Filter>Resource Files\Visualizers</Filter>
    </Natvis>
    <Natvis Include="..\..\..\visualizers\InputDevice.natvis">
      <Filter>Resource Files\Visualizers</Filter>
    </Natvis>
    <Natvis Include="..\..\..\visualizers\Subpass.natvis">
      <Filter>Resource Files\Visualizers</Filter>
    </Natvis>
  </ItemGroup>
  <ItemGroup>
    <None Include="..\..\..\targets\spv.targets">
      <Filter>Resource Files\BuildTargets\SPIR-V</Filter>
    </None>
    <None Include="..\..\..\targets\pum.targets">
      <Filter>Resource Files\BuildTargets\PuM</Filter>
    </None>
  </ItemGroup>
  <ItemGroup>
    <Xml Include="..\..\..\targets\spv.xml">
      <Filter>Resource Files\BuildTargets\SPIR-V</Filter>
    </Xml>
    <Xml Include="..\..\..\targets\pum.xml">
      <Filter>Resource Files\BuildTargets\PuM</Filter>
    </Xml>
  </ItemGroup>
</Project>