<?xml version="1.0" encoding="utf-8"?>
<Project ToolsVersion="4.0" xmlns="http://schemas.microsoft.com/developer/msbuild/2003">
  <ItemGroup>
    <Filter Include="Source Files">
      <UniqueIdentifier>{4FC737F1-C7A5-4376-A066-2A32D752A2FF}</UniqueIdentifier>
      <Extensions>cpp;c;cc;cxx;def;odl;idl;hpj;bat;asm;asmx</Extensions>
    </Filter>
    <Filter Include="Header Files">
      <UniqueIdentifier>{93995380-89BD-4b04-88EB-625FBE52EBFB}</UniqueIdentifier>
      <Extensions>h;hh;hpp;hxx;hm;inl;inc;xsd</Extensions>
    </Filter>
    <Filter Include="Third Party Files">
      <UniqueIdentifier>{a5b0963b-3e6d-46de-817e-cde052661479}</UniqueIdentifier>
    </Filter>
    <Filter Include="Header Files\Core">
      <UniqueIdentifier>{6c52ec83-6c28-45f7-b088-dbe0c9a9f6ac}</UniqueIdentifier>
    </Filter>
    <Filter Include="Header Files\Core\Math">
      <UniqueIdentifier>{cddedd21-27e0-4a0c-b4c2-0c1ad6d24a78}</UniqueIdentifier>
    </Filter>
    <Filter Include="Source Files\Core">
      <UniqueIdentifier>{f118ce40-898e-4a7f-8746-281842846226}</UniqueIdentifier>
    </Filter>
    <Filter Include="Source Files\Core\Math">
      <UniqueIdentifier>{c1fb7d90-45c5-4300-b778-cf6f71f9f977}</UniqueIdentifier>
    </Filter>
    <Filter Include="Header Files\Core\Events">
      <UniqueIdentifier>{85db7559-62b4-4c2d-8d80-ac433edd5cb8}</UniqueIdentifier>
    </Filter>
    <Filter Include="Header Files\Graphics">
      <UniqueIdentifier>{adcab37a-4382-47ff-9b52-0eb58cdda651}</UniqueIdentifier>
    </Filter>
    <Filter Include="Header Files\Graphics\Native">
      <UniqueIdentifier>{3f2d0c8c-ab41-48cc-94c9-15194f9df7c6}</UniqueIdentifier>
    </Filter>
    <Filter Include="Source Files\Graphics">
      <UniqueIdentifier>{47ad77fc-e6ef-4ddf-a1b3-5497528a0a55}</UniqueIdentifier>
    </Filter>
    <Filter Include="Source Files\Graphics\Native">
      <UniqueIdentifier>{992dbeac-cd8f-4218-aca6-bb089eb7fa07}</UniqueIdentifier>
    </Filter>
    <Filter Include="Header Files\Input">
      <UniqueIdentifier>{fe868ac1-d660-4e5e-a5da-63ec366921e2}</UniqueIdentifier>
    </Filter>
    <Filter Include="Source Files\Input">
      <UniqueIdentifier>{028a5b4d-2e28-4b66-802e-ac01461f5099}</UniqueIdentifier>
    </Filter>
    <Filter Include="Header Files\Components">
      <UniqueIdentifier>{94799ac8-f4ef-4fd3-9000-fb59546da68f}</UniqueIdentifier>
    </Filter>
    <Filter Include="Source Files\Components">
      <UniqueIdentifier>{5034508d-82b1-4ef2-a3dd-d0cec4331081}</UniqueIdentifier>
    </Filter>
    <Filter Include="Header Files\Streams">
      <UniqueIdentifier>{0e076cee-d8d9-4b8e-86af-58f8d30e1d07}</UniqueIdentifier>
    </Filter>
    <Filter Include="Source Files\Streams">
      <UniqueIdentifier>{329d6597-552d-44b9-85bb-1454b27b959b}</UniqueIdentifier>
    </Filter>
    <Filter Include="Header Files\Core\Diagnostics">
      <UniqueIdentifier>{658b3863-84be-4789-8ae3-e2867fe9a49c}</UniqueIdentifier>
    </Filter>
    <Filter Include="Source Files\Core\Diagnostics">
      <UniqueIdentifier>{12b5c68d-6f31-433a-9f17-12e2643a8fcd}</UniqueIdentifier>
    </Filter>
    <Filter Include="Header Files\Graphics\Models">
      <UniqueIdentifier>{65b20bb5-9beb-4e11-b83c-4e637853fe10}</UniqueIdentifier>
    </Filter>
    <Filter Include="Source Files\Graphics\Models">
      <UniqueIdentifier>{3eaf42f8-42d1-4fd7-933e-e61ddd098a9e}</UniqueIdentifier>
    </Filter>
    <Filter Include="Header Files\Graphics\Rendering">
      <UniqueIdentifier>{01cc58ab-7a3b-464c-a13f-cae6f4eaa103}</UniqueIdentifier>
    </Filter>
    <Filter Include="Source Files\Graphics\Rendering">
      <UniqueIdentifier>{bc6b8a54-d12f-44fa-a374-8351108cf530}</UniqueIdentifier>
    </Filter>
    <Filter Include="Header Files\Graphics\Text">
      <UniqueIdentifier>{c9686381-c5ec-468f-acf1-8848737e0835}</UniqueIdentifier>
    </Filter>
    <Filter Include="Source Files\Graphics\Text">
      <UniqueIdentifier>{87b8904e-2348-454a-9bfa-eb6f17fddc58}</UniqueIdentifier>
    </Filter>
    <Filter Include="Header Files\GameLogic">
      <UniqueIdentifier>{a3f731af-c396-4dc3-b95b-01548888980a}</UniqueIdentifier>
    </Filter>
    <Filter Include="Header Files\Core\Collections">
      <UniqueIdentifier>{5533fc3f-fd6d-4c79-b29d-929cc6f48065}</UniqueIdentifier>
    </Filter>
    <Filter Include="Header Files\Graphics\Diagnostics">
      <UniqueIdentifier>{06f67d89-0a73-4b83-a98d-45adb0f64351}</UniqueIdentifier>
    </Filter>
    <Filter Include="Source Files\Graphics\Diagnostics">
      <UniqueIdentifier>{6bbbca01-37c5-4070-abc8-11cab6e5b677}</UniqueIdentifier>
    </Filter>
    <Filter Include="Source Files\GameLogic">
      <UniqueIdentifier>{9cd62c9c-b6e5-41d5-9f54-cd5abaa599f4}</UniqueIdentifier>
    </Filter>
    <Filter Include="Header Files\Core\Threading">
      <UniqueIdentifier>{8992b12d-5d72-4f9f-b2cb-33c34eddc563}</UniqueIdentifier>
    </Filter>
    <Filter Include="Source Files\Core\Threading">
      <UniqueIdentifier>{26fafd93-110e-41e5-8a5d-a69e096a20c8}</UniqueIdentifier>
    </Filter>
    <Filter Include="Visualizers">
      <UniqueIdentifier>{48199cee-3802-46b0-b344-d74768e76b08}</UniqueIdentifier>
    </Filter>
    <Filter Include="Header Files\Content">
      <UniqueIdentifier>{1219252f-d834-4429-bda2-06050e09e5b1}</UniqueIdentifier>
    </Filter>
    <Filter Include="Source Files\Content">
      <UniqueIdentifier>{691b447b-97b1-4055-a9ae-edbbb0e3fc8b}</UniqueIdentifier>
    </Filter>
    <Filter Include="Header Files\Graphics\Lighting">
      <UniqueIdentifier>{5ac68692-b2b9-4a25-851a-f411fbc33472}</UniqueIdentifier>
    </Filter>
    <Filter Include="Header Files\Graphics\GUI">
      <UniqueIdentifier>{334665d7-1be2-4acf-b453-e9bc63c170a1}</UniqueIdentifier>
    </Filter>
    <Filter Include="Header Files\Graphics\GUI\Core">
      <UniqueIdentifier>{2b12d248-6dbd-4787-a4d9-29a1bdb4d4b7}</UniqueIdentifier>
    </Filter>
    <Filter Include="Source Files\Graphics\GUI">
      <UniqueIdentifier>{db006495-b302-45c8-b527-cac14a8c6a42}</UniqueIdentifier>
    </Filter>
    <Filter Include="Source Files\Graphics\GUI\Core">
      <UniqueIdentifier>{c6f4b171-8fe7-4451-b9a2-be3e109f984e}</UniqueIdentifier>
    </Filter>
    <Filter Include="Header Files\Graphics\GUI\Items">
      <UniqueIdentifier>{a55fa833-e694-4aff-b665-dfb4376b1b31}</UniqueIdentifier>
    </Filter>
    <Filter Include="Source Files\Graphics\GUI\Items">
      <UniqueIdentifier>{2f43762e-faf8-4a91-bc3e-47efa6be82cf}</UniqueIdentifier>
    </Filter>
    <Filter Include="Header Files\Graphics\GUI\Containers">
      <UniqueIdentifier>{7dc843cc-a024-41ab-b009-01a6e7b1f5a1}</UniqueIdentifier>
    </Filter>
    <Filter Include="Source Files\Graphics\GUI\Containers">
      <UniqueIdentifier>{20006271-df0f-4a02-bd9c-85c19199d59a}</UniqueIdentifier>
    </Filter>
    <Filter Include="Header Files\Components\Diagnostics">
      <UniqueIdentifier>{6009c7d0-d575-45ed-843b-a42cec80fc1a}</UniqueIdentifier>
    </Filter>
    <Filter Include="Source Files\Components\Diagnostics">
      <UniqueIdentifier>{1b5ceb9a-e16d-4a2f-a693-1421a4f29f54}</UniqueIdentifier>
    </Filter>
    <Filter Include="Header Files\Core\Platform">
      <UniqueIdentifier>{fea2903a-4a63-4a32-b4d1-3b4adc40ec4e}</UniqueIdentifier>
    </Filter>
    <Filter Include="Header Files\Core\Platform\Windows">
      <UniqueIdentifier>{af466a94-3e86-4430-a388-3779f9953281}</UniqueIdentifier>
    </Filter>
    <Filter Include="Source Files\Core\Platform">
      <UniqueIdentifier>{d940d945-3968-458e-9596-98f93da5d315}</UniqueIdentifier>
    </Filter>
    <Filter Include="Source Files\Core\Platform\Windows">
      <UniqueIdentifier>{3a4b1927-d1cb-4b26-8e29-4a81b3e3573c}</UniqueIdentifier>
    </Filter>
    <Filter Include="Header Files\Graphics\Materials">
      <UniqueIdentifier>{0d3b52e1-1eb4-4886-82c1-1c705254509d}</UniqueIdentifier>
    </Filter>
    <Filter Include="Source Files\Graphics\Materials">
      <UniqueIdentifier>{8f72aecb-29a3-43ec-a50b-58460e347cca}</UniqueIdentifier>
    </Filter>
    <Filter Include="Header Files\Graphics\Native\RenderTargets">
      <UniqueIdentifier>{34afa415-612a-4316-bcb3-960e61b023fc}</UniqueIdentifier>
    </Filter>
    <Filter Include="Source Files\Graphics\Native\RenderTargets">
      <UniqueIdentifier>{c1a46d69-feba-4785-a714-83190cec36cb}</UniqueIdentifier>
    </Filter>
    <Filter Include="Header Files\Graphics\Rendering\Deferred">
      <UniqueIdentifier>{02d5f681-8011-4493-8093-ddded2e3cd95}</UniqueIdentifier>
    </Filter>
    <Filter Include="Source Files\Graphics\Rendering\Deferred">
      <UniqueIdentifier>{07467947-bcfc-4a7a-89cf-1589185b64f0}</UniqueIdentifier>
    </Filter>
  </ItemGroup>
  <ItemGroup>
    <ClCompile Include="..\..\src\Core\Math\Matrix.cpp">
      <Filter>Source Files\Core\Math</Filter>
    </ClCompile>
    <ClCompile Include="..\..\src\Core\Math\Rectangle.cpp">
      <Filter>Source Files\Core\Math</Filter>
    </ClCompile>
    <ClCompile Include="..\..\src\Core\Math\Box.cpp">
      <Filter>Source Files\Core\Math</Filter>
    </ClCompile>
    <ClCompile Include="..\..\src\Graphics\Native\OpenGL.cpp">
      <Filter>Source Files\Graphics\Native</Filter>
    </ClCompile>
    <ClCompile Include="..\..\src\Graphics\Native\Monitor.cpp">
      <Filter>Source Files\Graphics\Native</Filter>
    </ClCompile>
    <ClCompile Include="..\..\src\Input\Cursor.cpp">
      <Filter>Source Files\Input</Filter>
    </ClCompile>
    <ClCompile Include="..\..\src\Input\Keyboard.cpp">
      <Filter>Source Files\Input</Filter>
    </ClCompile>
    <ClCompile Include="..\..\src\Game.cpp">
      <Filter>Source Files</Filter>
    </ClCompile>
    <ClCompile Include="..\..\src\Components\GameComponent.cpp">
      <Filter>Source Files\Components</Filter>
    </ClCompile>
    <ClCompile Include="..\..\src\Core\StringFunctions.cpp">
      <Filter>Source Files\Core</Filter>
    </ClCompile>
    <ClCompile Include="..\..\src\Streams\FileReader.cpp">
      <Filter>Source Files\Streams</Filter>
    </ClCompile>
    <ClCompile Include="..\..\src\Core\Diagnostics\Logging.cpp">
      <Filter>Source Files\Core\Diagnostics</Filter>
    </ClCompile>
    <ClCompile Include="..\..\src\Core\Diagnostics\StackTrace.cpp">
      <Filter>Source Files\Core\Diagnostics</Filter>
    </ClCompile>
    <ClCompile Include="..\..\deps\glad\Debug\src\glad_debug.c">
      <Filter>Third Party Files</Filter>
    </ClCompile>
    <ClCompile Include="..\..\deps\glad\Release\src\glad_release.c">
      <Filter>Third Party Files</Filter>
    </ClCompile>
    <ClCompile Include="..\..\src\Graphics\Color.cpp">
      <Filter>Source Files\Graphics</Filter>
    </ClCompile>
    <ClCompile Include="..\..\src\Graphics\Rendering\Field.cpp">
      <Filter>Source Files\Graphics\Rendering</Filter>
    </ClCompile>
    <ClCompile Include="..\..\src\Graphics\Rendering\Attribute.cpp">
      <Filter>Source Files\Graphics\Rendering</Filter>
    </ClCompile>
    <ClCompile Include="..\..\src\Graphics\Rendering\Uniform.cpp">
      <Filter>Source Files\Graphics\Rendering</Filter>
    </ClCompile>
    <ClCompile Include="..\..\src\Graphics\Rendering\Shader.cpp">
      <Filter>Source Files\Graphics\Rendering</Filter>
    </ClCompile>
    <ClCompile Include="..\..\src\Graphics\Text\Font.cpp">
      <Filter>Source Files\Graphics\Text</Filter>
    </ClCompile>
    <ClCompile Include="..\..\src\Core\String.cpp">
      <Filter>Source Files\Core</Filter>
    </ClCompile>
    <ClCompile Include="..\..\src\Components\Camera.cpp">
      <Filter>Source Files\Components</Filter>
    </ClCompile>
    <ClCompile Include="..\..\src\Core\Diagnostics\Memory.cpp">
      <Filter>Source Files\Core\Diagnostics</Filter>
    </ClCompile>
    <ClCompile Include="..\..\src\Graphics\Native\Buffer.cpp">
      <Filter>Source Files\Graphics\Native</Filter>
    </ClCompile>
    <ClCompile Include="..\..\src\Graphics\Models\Md2Loader.cpp">
      <Filter>Source Files\Graphics\Models</Filter>
    </ClCompile>
    <ClCompile Include="..\..\src\Graphics\Models\StaticModel.cpp">
      <Filter>Source Files\Graphics\Models</Filter>
    </ClCompile>
    <ClCompile Include="..\..\src\Graphics\Models\DynamicModel.cpp">
      <Filter>Source Files\Graphics\Models</Filter>
    </ClCompile>
    <ClCompile Include="..\..\src\Graphics\Native\Window.cpp">
      <Filter>Source Files\Graphics\Native</Filter>
    </ClCompile>
    <ClCompile Include="..\..\src\Graphics\GraphicsAdapter.cpp">
      <Filter>Source Files\Graphics</Filter>
    </ClCompile>
    <ClCompile Include="..\..\src\Streams\FileUtils.cpp">
      <Filter>Source Files\Streams</Filter>
    </ClCompile>
    <ClCompile Include="..\..\src\Graphics\Diagnostics\FrameInfo.cpp">
      <Filter>Source Files\Graphics\Diagnostics</Filter>
    </ClCompile>
    <ClCompile Include="..\..\src\Graphics\Rendering\SpriteRenderer.cpp">
      <Filter>Source Files\Graphics\Rendering</Filter>
    </ClCompile>
    <ClCompile Include="..\..\src\Graphics\Diagnostics\DebugTextRenderer.cpp">
      <Filter>Source Files\Graphics\Diagnostics</Filter>
    </ClCompile>
    <ClCompile Include="..\..\src\Graphics\Diagnostics\DebugSpriteRenderer.cpp">
      <Filter>Source Files\Graphics\Diagnostics</Filter>
    </ClCompile>
    <ClCompile Include="..\..\src\Core\Threading\TickThread.cpp">
      <Filter>Source Files\Core\Threading</Filter>
    </ClCompile>
    <ClCompile Include="..\..\src\Core\Threading\ThreadUtils.cpp">
      <Filter>Source Files\Core\Threading</Filter>
    </ClCompile>
    <ClCompile Include="..\..\src\Graphics\Mesh.cpp">
      <Filter>Source Files\Graphics</Filter>
    </ClCompile>
    <ClCompile Include="..\..\src\Graphics\Texture.cpp">
      <Filter>Source Files\Graphics</Filter>
    </ClCompile>
    <ClCompile Include="..\..\src\Core\Threading\PuThread.cpp">
      <Filter>Source Files\Core\Threading</Filter>
    </ClCompile>
    <ClCompile Include="..\..\src\Graphics\Diagnostics\DeviceInfo.cpp">
      <Filter>Source Files\Graphics\Diagnostics</Filter>
    </ClCompile>
    <ClCompile Include="..\..\src\Streams\StringParsing.cpp">
      <Filter>Source Files\Streams</Filter>
    </ClCompile>
    <ClCompile Include="..\..\src\Content\ObjLoader.cpp">
      <Filter>Source Files\Content</Filter>
    </ClCompile>
    <ClCompile Include="..\..\src\Content\AssetLoader.cpp">
      <Filter>Source Files\Content</Filter>
    </ClCompile>
    <ClCompile Include="..\..\src\GameLogic\StaticObject.cpp">
      <Filter>Source Files\GameLogic</Filter>
    </ClCompile>
    <ClCompile Include="..\..\src\GameLogic\DynamicObject.cpp">
      <Filter>Source Files\GameLogic</Filter>
    </ClCompile>
    <ClCompile Include="..\..\src\Graphics\Rendering\SkyboxRenderer.cpp">
      <Filter>Source Files\Graphics\Rendering</Filter>
    </ClCompile>
    <ClCompile Include="..\..\src\Graphics\TextureOptions.cpp">
      <Filter>Source Files\Graphics</Filter>
    </ClCompile>
    <ClCompile Include="..\..\src\Graphics\Renderer.cpp">
      <Filter>Source Files\Graphics</Filter>
    </ClCompile>
    <ClCompile Include="..\..\src\Graphics\GUI\Core\GuiItem.cpp">
      <Filter>Source Files\Graphics\GUI\Core</Filter>
    </ClCompile>
    <ClCompile Include="..\..\src\Graphics\GUI\GuiItemRenderer.cpp">
      <Filter>Source Files\Graphics\GUI</Filter>
    </ClCompile>
    <ClCompile Include="..\..\src\Graphics\Text\FontRenderer.cpp">
      <Filter>Source Files\Graphics\Text</Filter>
    </ClCompile>
    <ClCompile Include="..\..\src\Graphics\GUI\Items\Label.cpp">
      <Filter>Source Files\Graphics\GUI\Items</Filter>
    </ClCompile>
    <ClCompile Include="..\..\src\Graphics\GUI\Containers\Menu.cpp">
      <Filter>Source Files\Graphics\GUI\Containers</Filter>
    </ClCompile>
    <ClCompile Include="..\..\src\Components\Diagnostics\VRamCounter.cpp">
      <Filter>Source Files\Components\Diagnostics</Filter>
    </ClCompile>
    <ClCompile Include="..\..\src\Graphics\GUI\Items\Button.cpp">
      <Filter>Source Files\Graphics\GUI\Items</Filter>
    </ClCompile>
    <ClCompile Include="..\..\src\Core\Platform\Windows\RegistryFetcher.cpp">
      <Filter>Source Files\Core\Platform\Windows</Filter>
    </ClCompile>
    <ClCompile Include="..\..\src\Graphics\GUI\Items\ProgressBar.cpp">
      <Filter>Source Files\Graphics\GUI\Items</Filter>
    </ClCompile>
    <ClCompile Include="..\..\src\Graphics\GUI\Items\Slider.cpp">
      <Filter>Source Files\Graphics\GUI\Items</Filter>
    </ClCompile>
    <ClCompile Include="..\..\src\Graphics\GUI\Items\TextBox.cpp">
      <Filter>Source Files\Graphics\GUI\Items</Filter>
    </ClCompile>
    <ClCompile Include="..\..\src\Graphics\Models\Shapes.cpp">
      <Filter>Source Files\Graphics\Models</Filter>
    </ClCompile>
    <ClCompile Include="..\..\src\Graphics\Materials\Material.cpp">
      <Filter>Source Files\Graphics\Materials</Filter>
    </ClCompile>
    <ClCompile Include="..\..\src\Graphics\Materials\MaterialBP.cpp">
      <Filter>Source Files\Graphics\Materials</Filter>
    </ClCompile>
    <ClCompile Include="..\..\src\Graphics\Native\RenderTargets\RenderTargetAttachment.cpp">
      <Filter>Source Files\Graphics\Native\RenderTargets</Filter>
    </ClCompile>
    <ClCompile Include="..\..\src\Graphics\Native\RenderTargets\RenderTarget.cpp">
      <Filter>Source Files\Graphics\Native\RenderTargets</Filter>
    </ClCompile>
    <ClCompile Include="..\..\src\Graphics\Rendering\Deferred\DeferredRendererBP.cpp">
      <Filter>Source Files\Graphics\Rendering\Deferred</Filter>
    </ClCompile>
    <ClCompile Include="..\..\src\Core\Math\Triangulation.cpp">
      <Filter>Source Files\Core\Math</Filter>
    </ClCompile>
    <ClCompile Include="..\..\src\Graphics\GUI\Containers\Container.cpp">
      <Filter>Source Files\Graphics\GUI\Containers</Filter>
    </ClCompile>
    <ClCompile Include="..\..\src\Graphics\GUI\Containers\GUIWindow.cpp">
      <Filter>Source Files\Graphics\GUI\Containers</Filter>
    </ClCompile>
    <ClCompile Include="..\..\src\Graphics\Rendering\ShapeRenderer.cpp">
      <Filter>Source Files\Graphics\Rendering</Filter>
    </ClCompile>
  </ItemGroup>
  <ItemGroup>
    <ClInclude Include="..\..\include\Core\Math\Basics.h">
      <Filter>Header Files\Core\Math</Filter>
    </ClInclude>
    <ClInclude Include="..\..\include\Core\Math\Constants.h">
      <Filter>Header Files\Core\Math</Filter>
    </ClInclude>
    <ClInclude Include="..\..\include\Core\Math\Interpolation.h">
      <Filter>Header Files\Core\Math</Filter>
    </ClInclude>
    <ClInclude Include="..\..\include\Core\Math\Vector2.h">
      <Filter>Header Files\Core\Math</Filter>
    </ClInclude>
    <ClInclude Include="..\..\include\Core\Math\Vector3.h">
      <Filter>Header Files\Core\Math</Filter>
    </ClInclude>
    <ClInclude Include="..\..\include\Core\Math\Vector4.h">
      <Filter>Header Files\Core\Math</Filter>
    </ClInclude>
    <ClInclude Include="..\..\include\Core\Math\Matrix.h">
      <Filter>Header Files\Core\Math</Filter>
    </ClInclude>
    <ClInclude Include="..\..\include\Core\Math\Rectangle.h">
      <Filter>Header Files\Core\Math</Filter>
    </ClInclude>
    <ClInclude Include="..\..\include\Core\Math\Box.h">
      <Filter>Header Files\Core\Math</Filter>
    </ClInclude>
    <ClInclude Include="..\..\include\Core\Events\DelegateObservers.h">
      <Filter>Header Files\Core\Events</Filter>
    </ClInclude>
    <ClInclude Include="..\..\include\Core\Events\EventSubscriber.h">
      <Filter>Header Files\Core\Events</Filter>
    </ClInclude>
    <ClInclude Include="..\..\include\Core\SafeMemory.h">
      <Filter>Header Files\Core</Filter>
    </ClInclude>
    <ClInclude Include="..\..\include\Core\Events\EventBus.h">
      <Filter>Header Files\Core\Events</Filter>
    </ClInclude>
    <ClInclude Include="..\..\include\Core\Events\EventArgs.h">
      <Filter>Header Files\Core\Events</Filter>
    </ClInclude>
    <ClInclude Include="..\..\include\Graphics\Native\OpenGL.h">
      <Filter>Header Files\Graphics\Native</Filter>
    </ClInclude>
    <ClInclude Include="..\..\include\Graphics\Native\Monitor.h">
      <Filter>Header Files\Graphics\Native</Filter>
    </ClInclude>
    <ClInclude Include="..\..\include\Input\Cursor.h">
      <Filter>Header Files\Input</Filter>
    </ClInclude>
    <ClInclude Include="..\..\include\Input\Keys.h">
      <Filter>Header Files\Input</Filter>
    </ClInclude>
    <ClInclude Include="..\..\include\Input\KeyState.h">
      <Filter>Header Files\Input</Filter>
    </ClInclude>
    <ClInclude Include="..\..\include\Input\Keyboard.h">
      <Filter>Header Files\Input</Filter>
    </ClInclude>
    <ClInclude Include="..\..\include\Input\ButtonEventArgs.h">
      <Filter>Header Files\Input</Filter>
    </ClInclude>
    <ClInclude Include="..\..\include\Input\KeyEventArgs.h">
      <Filter>Header Files\Input</Filter>
    </ClInclude>
    <ClInclude Include="..\..\include\Game.h">
      <Filter>Header Files</Filter>
    </ClInclude>
    <ClInclude Include="..\..\include\Core\Stopwatch.h">
      <Filter>Header Files\Core</Filter>
    </ClInclude>
    <ClInclude Include="..\..\include\Components\GameComponent.h">
      <Filter>Header Files\Components</Filter>
    </ClInclude>
    <ClInclude Include="..\..\include\Core\StringFunctions.h">
      <Filter>Header Files\Core</Filter>
    </ClInclude>
    <ClInclude Include="..\..\include\Streams\FileReader.h">
      <Filter>Header Files\Streams</Filter>
    </ClInclude>
    <ClInclude Include="..\..\include\Streams\SeekOrigin.h">
      <Filter>Header Files\Streams</Filter>
    </ClInclude>
    <ClInclude Include="..\..\include\Streams\StreamReader.h">
      <Filter>Header Files\Streams</Filter>
    </ClInclude>
    <ClInclude Include="..\..\include\Core\Diagnostics\Logging.h">
      <Filter>Header Files\Core\Diagnostics</Filter>
    </ClInclude>
    <ClInclude Include="..\..\include\Core\Diagnostics\StackTrace.h">
      <Filter>Header Files\Core\Diagnostics</Filter>
    </ClInclude>
    <ClInclude Include="..\..\include\Graphics\Color.h">
      <Filter>Header Files\Graphics</Filter>
    </ClInclude>
    <ClInclude Include="..\..\include\Graphics\Rendering\Attribute.h">
      <Filter>Header Files\Graphics\Rendering</Filter>
    </ClInclude>
    <ClInclude Include="..\..\include\Graphics\Rendering\Field.h">
      <Filter>Header Files\Graphics\Rendering</Filter>
    </ClInclude>
    <ClInclude Include="..\..\include\Graphics\Rendering\FieldTypes.h">
      <Filter>Header Files\Graphics\Rendering</Filter>
    </ClInclude>
    <ClInclude Include="..\..\include\Graphics\Rendering\Uniform.h">
      <Filter>Header Files\Graphics\Rendering</Filter>
    </ClInclude>
    <ClInclude Include="..\..\include\Graphics\Rendering\Shader.h">
      <Filter>Header Files\Graphics\Rendering</Filter>
    </ClInclude>
    <ClInclude Include="..\..\include\Graphics\Rendering\ShaderTypes.h">
      <Filter>Header Files\Graphics\Rendering</Filter>
    </ClInclude>
    <ClInclude Include="..\..\include\Graphics\Text\Character.h">
      <Filter>Header Files\Graphics\Text</Filter>
    </ClInclude>
    <ClInclude Include="..\..\include\Graphics\Text\Font.h">
      <Filter>Header Files\Graphics\Text</Filter>
    </ClInclude>
    <ClInclude Include="..\..\include\Core\String.h">
      <Filter>Header Files\Core</Filter>
    </ClInclude>
    <ClInclude Include="..\..\include\GameLogic\WorldObject.h">
      <Filter>Header Files\GameLogic</Filter>
    </ClInclude>
    <ClInclude Include="..\..\include\Components\Camera.h">
      <Filter>Header Files\Components</Filter>
    </ClInclude>
    <ClInclude Include="..\..\include\Core\Diagnostics\Memory.h">
      <Filter>Header Files\Core\Diagnostics</Filter>
    </ClInclude>
    <ClInclude Include="..\..\include\Graphics\Models\Md2Loader.h">
      <Filter>Header Files\Graphics\Models</Filter>
    </ClInclude>
    <ClInclude Include="..\..\include\Graphics\Native\Buffer.h">
      <Filter>Header Files\Graphics\Native</Filter>
    </ClInclude>
    <ClInclude Include="..\..\include\Graphics\Native\BindTargets.h">
      <Filter>Header Files\Graphics\Native</Filter>
    </ClInclude>
    <ClInclude Include="..\..\include\Graphics\Native\BufferUsage.h">
      <Filter>Header Files\Graphics\Native</Filter>
    </ClInclude>
    <ClInclude Include="..\..\include\Streams\FileUtils.h">
      <Filter>Header Files\Streams</Filter>
    </ClInclude>
    <ClInclude Include="..\..\include\Graphics\Models\StaticModel.h">
      <Filter>Header Files\Graphics\Models</Filter>
    </ClInclude>
    <ClInclude Include="..\..\include\Graphics\Models\AnimationInfo.h">
      <Filter>Header Files\Graphics\Models</Filter>
    </ClInclude>
    <ClInclude Include="..\..\include\Graphics\Models\DynamicModel.h">
      <Filter>Header Files\Graphics\Models</Filter>
    </ClInclude>
    <ClInclude Include="..\..\include\Graphics\Native\VSyncModes.h">
      <Filter>Header Files\Graphics\Native</Filter>
    </ClInclude>
    <ClInclude Include="..\..\include\Graphics\Native\Window.h">
      <Filter>Header Files\Graphics\Native</Filter>
    </ClInclude>
    <ClInclude Include="..\..\include\Graphics\Native\WindowModes.h">
      <Filter>Header Files\Graphics\Native</Filter>
    </ClInclude>
    <ClInclude Include="..\..\include\Graphics\GraphicsAdapter.h">
      <Filter>Header Files\Graphics</Filter>
    </ClInclude>
    <ClInclude Include="..\..\include\Graphics\Native\BlendState.h">
      <Filter>Header Files\Graphics\Native</Filter>
    </ClInclude>
    <ClInclude Include="..\..\include\Graphics\Native\BlendType.h">
      <Filter>Header Files\Graphics\Native</Filter>
    </ClInclude>
    <ClInclude Include="..\..\include\Graphics\Native\DepthState.h">
      <Filter>Header Files\Graphics\Native</Filter>
    </ClInclude>
    <ClInclude Include="..\..\include\Graphics\Native\FaceCullState.h">
      <Filter>Header Files\Graphics\Native</Filter>
    </ClInclude>
    <ClInclude Include="..\..\include\Graphics\Native\FaceCullType.h">
      <Filter>Header Files\Graphics\Native</Filter>
    </ClInclude>
    <ClInclude Include="..\..\include\Graphics\Native\StencilOperation.h">
      <Filter>Header Files\Graphics\Native</Filter>
    </ClInclude>
    <ClInclude Include="..\..\include\Graphics\Native\ClearTargets.h">
      <Filter>Header Files\Graphics\Native</Filter>
    </ClInclude>
    <ClInclude Include="..\..\include\Core\EnumUtils.h">
      <Filter>Header Files\Core</Filter>
    </ClInclude>
    <ClInclude Include="..\..\include\Core\Collections\Tree.h">
      <Filter>Header Files\Core\Collections</Filter>
    </ClInclude>
    <ClInclude Include="..\..\include\Core\Diagnostics\ReflectNames.h">
      <Filter>Header Files\Core\Diagnostics</Filter>
    </ClInclude>
    <ClInclude Include="..\..\include\Graphics\Diagnostics\FrameInfo.h">
      <Filter>Header Files\Graphics\Diagnostics</Filter>
    </ClInclude>
    <ClInclude Include="..\..\include\Graphics\Rendering\SpriteRenderer.h">
      <Filter>Header Files\Graphics\Rendering</Filter>
    </ClInclude>
    <ClInclude Include="..\..\include\Graphics\Diagnostics\DebugTextRenderer.h">
      <Filter>Header Files\Graphics\Diagnostics</Filter>
    </ClInclude>
    <ClInclude Include="..\..\include\Graphics\Diagnostics\DebugSpriteRenderer.h">
      <Filter>Header Files\Graphics\Diagnostics</Filter>
    </ClInclude>
    <ClInclude Include="..\..\include\Core\Threading\TickThread.h">
      <Filter>Header Files\Core\Threading</Filter>
    </ClInclude>
    <ClInclude Include="..\..\include\Core\Threading\ThreadUtils.h">
      <Filter>Header Files\Core\Threading</Filter>
    </ClInclude>
    <ClInclude Include="..\..\include\Graphics\Diagnostics\DebugRenderer.h">
      <Filter>Header Files\Graphics\Diagnostics</Filter>
    </ClInclude>
    <ClInclude Include="..\..\include\Graphics\Mesh.h">
      <Filter>Header Files\Graphics</Filter>
    </ClInclude>
    <ClInclude Include="..\..\include\Graphics\Texture.h">
      <Filter>Header Files\Graphics</Filter>
    </ClInclude>
    <ClInclude Include="..\..\include\Graphics\MeshVertexFormat.h">
      <Filter>Header Files\Graphics</Filter>
    </ClInclude>
    <ClInclude Include="..\..\include\Core\Threading\PuThread.h">
      <Filter>Header Files\Core\Threading</Filter>
    </ClInclude>
    <ClInclude Include="..\..\include\Graphics\Diagnostics\DeviceInfo.h">
      <Filter>Header Files\Graphics\Diagnostics</Filter>
    </ClInclude>
    <ClInclude Include="..\..\include\Streams\StringParsing.h">
      <Filter>Header Files\Streams</Filter>
    </ClInclude>
    <ClInclude Include="..\..\include\Graphics\TextureOptions.h">
      <Filter>Header Files\Graphics</Filter>
    </ClInclude>
    <ClInclude Include="..\..\include\Content\ObjLoader.h">
      <Filter>Header Files\Content</Filter>
    </ClInclude>
    <ClInclude Include="..\..\include\Graphics\Lighting\Light.h">
      <Filter>Header Files\Graphics\Lighting</Filter>
    </ClInclude>
    <ClInclude Include="..\..\include\Graphics\Lighting\DirectionalLight.h">
      <Filter>Header Files\Graphics\Lighting</Filter>
    </ClInclude>
    <ClInclude Include="..\..\include\Graphics\Lighting\PointLight.h">
      <Filter>Header Files\Graphics\Lighting</Filter>
    </ClInclude>
    <ClInclude Include="..\..\include\Content\AssetLoader.h">
      <Filter>Header Files\Content</Filter>
    </ClInclude>
    <ClInclude Include="..\..\include\GameLogic\StaticObject.h">
      <Filter>Header Files\GameLogic</Filter>
    </ClInclude>
    <ClInclude Include="..\..\include\GameLogic\DynamicObject.h">
      <Filter>Header Files\GameLogic</Filter>
    </ClInclude>
    <ClInclude Include="..\..\include\Graphics\Rendering\SkyboxRenderer.h">
      <Filter>Header Files\Graphics\Rendering</Filter>
    </ClInclude>
    <ClInclude Include="..\..\include\Graphics\Native\OpenGLSources.h">
      <Filter>Header Files\Graphics\Native</Filter>
    </ClInclude>
    <ClInclude Include="..\..\include\Graphics\Native\OpenGLMessageTypes.h">
      <Filter>Header Files\Graphics\Native</Filter>
    </ClInclude>
    <ClInclude Include="..\..\include\Graphics\Renderer.h">
      <Filter>Header Files\Graphics</Filter>
    </ClInclude>
    <ClInclude Include="..\..\include\Graphics\GUI\Core\Anchors.h">
      <Filter>Header Files\Graphics\GUI\Core</Filter>
    </ClInclude>
    <ClInclude Include="..\..\include\Graphics\GUI\Core\GuiItem.h">
      <Filter>Header Files\Graphics\GUI\Core</Filter>
    </ClInclude>
    <ClInclude Include="..\..\include\Core\Events\ValueChangedEventArgs.h">
      <Filter>Header Files\Core\Events</Filter>
    </ClInclude>
    <ClInclude Include="..\..\include\Graphics\GUI\GuiItemRenderer.h">
      <Filter>Header Files\Graphics\GUI</Filter>
    </ClInclude>
    <ClInclude Include="..\..\include\Input\KeyMods.h">
      <Filter>Header Files\Input</Filter>
    </ClInclude>
    <ClInclude Include="..\..\include\Graphics\GUI\Items\Label.h">
      <Filter>Header Files\Graphics\GUI\Items</Filter>
    </ClInclude>
    <ClInclude Include="..\..\include\Graphics\Text\FontRenderer.h">
      <Filter>Header Files\Graphics\Text</Filter>
    </ClInclude>
    <ClInclude Include="..\..\include\Graphics\GUI\Containers\Menu.h">
      <Filter>Header Files\Graphics\GUI\Containers</Filter>
    </ClInclude>
    <ClInclude Include="..\..\include\Components\Diagnostics\Counter.h">
      <Filter>Header Files\Components\Diagnostics</Filter>
    </ClInclude>
    <ClInclude Include="..\..\include\Components\Diagnostics\FpsCounter.h">
      <Filter>Header Files\Components\Diagnostics</Filter>
    </ClInclude>
    <ClInclude Include="..\..\include\Components\Diagnostics\RamCounter.h">
      <Filter>Header Files\Components\Diagnostics</Filter>
    </ClInclude>
    <ClInclude Include="..\..\include\Components\Diagnostics\VRAMCounter.h">
      <Filter>Header Files\Components\Diagnostics</Filter>
    </ClInclude>
    <ClInclude Include="..\..\include\Graphics\GUI\Items\Button.h">
      <Filter>Header Files\Graphics\GUI\Items</Filter>
    </ClInclude>
    <ClInclude Include="..\..\include\Graphics\GUI\Core\CursorButtons.h">
      <Filter>Header Files\Graphics\GUI\Core</Filter>
    </ClInclude>
    <ClInclude Include="..\..\include\Core\Platform\Windows\RegistryFetcher.h">
      <Filter>Header Files\Core\Platform\Windows</Filter>
    </ClInclude>
    <ClInclude Include="..\..\include\Graphics\GUI\Items\ProgressBar.h">
      <Filter>Header Files\Graphics\GUI\Items</Filter>
    </ClInclude>
    <ClInclude Include="..\..\include\Graphics\GUI\Core\FillStyle.h">
      <Filter>Header Files\Graphics\GUI\Core</Filter>
    </ClInclude>
    <ClInclude Include="..\..\include\Graphics\GUI\Items\Slider.h">
      <Filter>Header Files\Graphics\GUI\Items</Filter>
    </ClInclude>
    <ClInclude Include="..\..\include\Core\Math\VInterpolation.h">
      <Filter>Header Files\Core\Math</Filter>
    </ClInclude>
    <ClInclude Include="..\..\include\Graphics\GUI\Items\TextBox.h">
      <Filter>Header Files\Graphics\GUI\Items</Filter>
    </ClInclude>
    <ClInclude Include="..\..\include\Graphics\GUI\Core\InputFlags.h">
      <Filter>Header Files\Graphics\GUI\Core</Filter>
    </ClInclude>
    <ClInclude Include="..\..\include\Graphics\GUI\Core\GlyphRejectionArgs.h">
      <Filter>Header Files\Graphics\GUI\Core</Filter>
    </ClInclude>
    <ClInclude Include="..\..\include\Graphics\GUI\Core\GlyphType.h">
      <Filter>Header Files\Graphics\GUI\Core</Filter>
    </ClInclude>
    <ClInclude Include="..\..\include\Graphics\Models\Shapes.h">
      <Filter>Header Files\Graphics\Models</Filter>
    </ClInclude>
    <ClInclude Include="..\..\include\Graphics\Materials\Material.h">
      <Filter>Header Files\Graphics\Materials</Filter>
    </ClInclude>
    <ClInclude Include="..\..\include\Graphics\Materials\MaterialBP.h">
      <Filter>Header Files\Graphics\Materials</Filter>
    </ClInclude>
    <ClInclude Include="..\..\include\Graphics\Native\RenderTargets\RenderTargetAttachment.h">
      <Filter>Header Files\Graphics\Native\RenderTargets</Filter>
    </ClInclude>
    <ClInclude Include="..\..\include\Graphics\Native\RenderTargets\RenderTarget.h">
      <Filter>Header Files\Graphics\Native\RenderTargets</Filter>
    </ClInclude>
    <ClInclude Include="..\..\include\Graphics\Rendering\Deferred\DeferredRendererBP.h">
      <Filter>Header Files\Graphics\Rendering\Deferred</Filter>
    </ClInclude>
    <ClInclude Include="..\..\include\Graphics\Native\RenderTargets\RenderTargetStatus.h">
      <Filter>Header Files\Graphics\Native\RenderTargets</Filter>
    </ClInclude>
    <ClInclude Include="..\..\include\Graphics\Native\PolygonModes.h">
      <Filter>Header Files\Graphics\Native</Filter>
    </ClInclude>
    <ClInclude Include="..\..\include\Core\Math\Plane.h">
      <Filter>Header Files\Core\Math</Filter>
    </ClInclude>
    <ClInclude Include="..\..\include\Core\Math\Frustum.h">
      <Filter>Header Files\Core\Math</Filter>
    </ClInclude>
    <ClInclude Include="..\..\include\Core\Math\Triangulation.h">
      <Filter>Header Files\Core\Math</Filter>
    </ClInclude>
    <ClInclude Include="..\..\include\Graphics\GUI\Containers\Container.h">
      <Filter>Header Files\Graphics\GUI\Containers</Filter>
    </ClInclude>
    <ClInclude Include="..\..\include\Graphics\GUI\Containers\GUIWindow.h">
      <Filter>Header Files\Graphics\GUI\Containers</Filter>
    </ClInclude>
    <ClInclude Include="..\..\include\Graphics\Rendering\ShapeRenderer.h">
      <Filter>Header Files\Graphics\Rendering</Filter>
    </ClInclude>
  </ItemGroup>
  <ItemGroup>
    <Natvis Include="..\..\visualizers\Rectangle.natvis">
      <Filter>Visualizers</Filter>
    </Natvis>
    <Natvis Include="..\..\visualizers\Vector2.natvis">
      <Filter>Visualizers</Filter>
    </Natvis>
    <Natvis Include="..\..\visualizers\Vector3.natvis">
      <Filter>Visualizers</Filter>
    </Natvis>
    <Natvis Include="..\..\visualizers\Vector4.natvis">
      <Filter>Visualizers</Filter>
    </Natvis>
    <Natvis Include="..\..\visualizers\Box.natvis">
      <Filter>Visualizers</Filter>
    </Natvis>
    <Natvis Include="..\..\visualizers\Matrix.natvis">
      <Filter>Visualizers</Filter>
    </Natvis>
    <Natvis Include="..\..\visualizers\EventBus.natvis">
      <Filter>Visualizers</Filter>
    </Natvis>
    <Natvis Include="..\..\visualizers\Tree.natvis">
      <Filter>Visualizers</Filter>
    </Natvis>
    <Natvis Include="..\..\visualizers\Window.natvis">
      <Filter>Visualizers</Filter>
    </Natvis>
    <Natvis Include="..\..\visualizers\Mesh.natvis">
      <Filter>Visualizers</Filter>
    </Natvis>
    <Natvis Include="..\..\visualizers\EventSubscriber.natvis">
      <Filter>Visualizers</Filter>
    </Natvis>
    <Natvis Include="..\..\visualizers\FileReader.natvis">
      <Filter>Visualizers</Filter>
    </Natvis>
    <Natvis Include="..\..\visualizers\Color.natvis">
      <Filter>Visualizers</Filter>
    </Natvis>
    <Natvis Include="..\..\visualizers\Field.natvis">
      <Filter>Visualizers</Filter>
    </Natvis>
    <Natvis Include="..\..\visualizers\Font.natvis">
      <Filter>Visualizers</Filter>
    </Natvis>
    <Natvis Include="..\..\visualizers\Texture.natvis">
      <Filter>Visualizers</Filter>
    </Natvis>
    <Natvis Include="..\..\visualizers\AnimationInfo.natvis">
      <Filter>Visualizers</Filter>
    </Natvis>
    <Natvis Include="..\..\visualizers\Monitor.natvis">
      <Filter>Visualizers</Filter>
    </Natvis>
    <Natvis Include="..\..\visualizers\DeviceInfo.natvis">
      <Filter>Visualizers</Filter>
    </Natvis>
    <Natvis Include="..\..\visualizers\GuiItem.natvis">
      <Filter>Visualizers</Filter>
    </Natvis>
  </ItemGroup>
  <ItemGroup>
    <None Include="..\..\visualizers\PuStepFilters.natstepfilter">
      <Filter>Visualizers</Filter>
    </None>
  </ItemGroup>
</Project>