<?xml version="1.0" encoding="utf-8"?>
<Project ToolsVersion="4.0" xmlns="http://schemas.microsoft.com/developer/msbuild/2003">
  <ItemGroup>
    <Filter Include="Source Files">
      <UniqueIdentifier>{4FC737F1-C7A5-4376-A066-2A32D752A2FF}</UniqueIdentifier>
      <Extensions>cpp;c;cc;cxx;def;odl;idl;hpj;bat;asm;asmx</Extensions>
    </Filter>
    <Filter Include="Header Files">
      <UniqueIdentifier>{93995380-89BD-4b04-88EB-625FBE52EBFB}</UniqueIdentifier>
      <Extensions>h;hh;hpp;hxx;hm;inl;inc;xsd</Extensions>
    </Filter>
    <Filter Include="Third Party Files">
      <UniqueIdentifier>{a5b0963b-3e6d-46de-817e-cde052661479}</UniqueIdentifier>
    </Filter>
    <Filter Include="Header Files\Core">
      <UniqueIdentifier>{6c52ec83-6c28-45f7-b088-dbe0c9a9f6ac}</UniqueIdentifier>
    </Filter>
    <Filter Include="Header Files\Core\Math">
      <UniqueIdentifier>{cddedd21-27e0-4a0c-b4c2-0c1ad6d24a78}</UniqueIdentifier>
    </Filter>
    <Filter Include="Source Files\Core">
      <UniqueIdentifier>{f118ce40-898e-4a7f-8746-281842846226}</UniqueIdentifier>
    </Filter>
    <Filter Include="Source Files\Core\Math">
      <UniqueIdentifier>{c1fb7d90-45c5-4300-b778-cf6f71f9f977}</UniqueIdentifier>
    </Filter>
    <Filter Include="Header Files\Core\Events">
      <UniqueIdentifier>{85db7559-62b4-4c2d-8d80-ac433edd5cb8}</UniqueIdentifier>
    </Filter>
    <Filter Include="Header Files\Graphics">
      <UniqueIdentifier>{adcab37a-4382-47ff-9b52-0eb58cdda651}</UniqueIdentifier>
    </Filter>
    <Filter Include="Header Files\Graphics\Native">
      <UniqueIdentifier>{3f2d0c8c-ab41-48cc-94c9-15194f9df7c6}</UniqueIdentifier>
    </Filter>
    <Filter Include="Source Files\Graphics">
      <UniqueIdentifier>{47ad77fc-e6ef-4ddf-a1b3-5497528a0a55}</UniqueIdentifier>
    </Filter>
    <Filter Include="Source Files\Graphics\Native">
      <UniqueIdentifier>{992dbeac-cd8f-4218-aca6-bb089eb7fa07}</UniqueIdentifier>
    </Filter>
    <Filter Include="Header Files\Input">
      <UniqueIdentifier>{fe868ac1-d660-4e5e-a5da-63ec366921e2}</UniqueIdentifier>
    </Filter>
    <Filter Include="Source Files\Input">
      <UniqueIdentifier>{028a5b4d-2e28-4b66-802e-ac01461f5099}</UniqueIdentifier>
    </Filter>
    <Filter Include="Header Files\Components">
      <UniqueIdentifier>{94799ac8-f4ef-4fd3-9000-fb59546da68f}</UniqueIdentifier>
    </Filter>
    <Filter Include="Source Files\Components">
      <UniqueIdentifier>{5034508d-82b1-4ef2-a3dd-d0cec4331081}</UniqueIdentifier>
    </Filter>
    <Filter Include="Header Files\Streams">
      <UniqueIdentifier>{0e076cee-d8d9-4b8e-86af-58f8d30e1d07}</UniqueIdentifier>
    </Filter>
    <Filter Include="Source Files\Streams">
      <UniqueIdentifier>{329d6597-552d-44b9-85bb-1454b27b959b}</UniqueIdentifier>
    </Filter>
    <Filter Include="Header Files\Core\Diagnostics">
      <UniqueIdentifier>{658b3863-84be-4789-8ae3-e2867fe9a49c}</UniqueIdentifier>
    </Filter>
    <Filter Include="Source Files\Core\Diagnostics">
      <UniqueIdentifier>{12b5c68d-6f31-433a-9f17-12e2643a8fcd}</UniqueIdentifier>
    </Filter>
    <Filter Include="Header Files\Graphics\Models">
      <UniqueIdentifier>{65b20bb5-9beb-4e11-b83c-4e637853fe10}</UniqueIdentifier>
    </Filter>
    <Filter Include="Source Files\Graphics\Models">
      <UniqueIdentifier>{3eaf42f8-42d1-4fd7-933e-e61ddd098a9e}</UniqueIdentifier>
    </Filter>
    <Filter Include="Header Files\Graphics\Rendering">
      <UniqueIdentifier>{01cc58ab-7a3b-464c-a13f-cae6f4eaa103}</UniqueIdentifier>
    </Filter>
    <Filter Include="Source Files\Graphics\Rendering">
      <UniqueIdentifier>{bc6b8a54-d12f-44fa-a374-8351108cf530}</UniqueIdentifier>
    </Filter>
    <Filter Include="Header Files\Graphics\Text">
      <UniqueIdentifier>{c9686381-c5ec-468f-acf1-8848737e0835}</UniqueIdentifier>
    </Filter>
    <Filter Include="Source Files\Graphics\Text">
      <UniqueIdentifier>{87b8904e-2348-454a-9bfa-eb6f17fddc58}</UniqueIdentifier>
    </Filter>
    <Filter Include="Header Files\GameLogic">
      <UniqueIdentifier>{a3f731af-c396-4dc3-b95b-01548888980a}</UniqueIdentifier>
    </Filter>
  </ItemGroup>
  <ItemGroup>
    <ClCompile Include="..\..\src\Core\Math\Vector2.cpp">
      <Filter>Source Files\Core\Math</Filter>
    </ClCompile>
    <ClCompile Include="..\..\src\Core\Math\Vector3.cpp">
      <Filter>Source Files\Core\Math</Filter>
    </ClCompile>
    <ClCompile Include="..\..\src\Core\Math\Vector4.cpp">
      <Filter>Source Files\Core\Math</Filter>
    </ClCompile>
    <ClCompile Include="..\..\src\Core\Math\Matrix.cpp">
      <Filter>Source Files\Core\Math</Filter>
    </ClCompile>
    <ClCompile Include="..\..\src\Core\Math\Rectangle.cpp">
      <Filter>Source Files\Core\Math</Filter>
    </ClCompile>
    <ClCompile Include="..\..\src\Core\Math\Box.cpp">
      <Filter>Source Files\Core\Math</Filter>
    </ClCompile>
    <ClCompile Include="..\..\src\Graphics\Native\OpenGL.cpp">
      <Filter>Source Files\Graphics\Native</Filter>
    </ClCompile>
    <ClCompile Include="..\..\src\Graphics\Native\Monitor.cpp">
      <Filter>Source Files\Graphics\Native</Filter>
    </ClCompile>
    <ClCompile Include="..\..\src\Input\Cursor.cpp">
      <Filter>Source Files\Input</Filter>
    </ClCompile>
    <ClCompile Include="..\..\src\Input\Keyboard.cpp">
      <Filter>Source Files\Input</Filter>
    </ClCompile>
    <ClCompile Include="..\..\src\Game.cpp">
      <Filter>Source Files</Filter>
    </ClCompile>
    <ClCompile Include="..\..\src\Components\GameComponent.cpp">
      <Filter>Source Files\Components</Filter>
    </ClCompile>
    <ClCompile Include="..\..\src\Components\FpsCounter.cpp">
      <Filter>Source Files\Components</Filter>
    </ClCompile>
    <ClCompile Include="..\..\src\Core\StringFunctions.cpp">
      <Filter>Source Files\Core</Filter>
    </ClCompile>
    <ClCompile Include="..\..\src\Streams\FileReader.cpp">
      <Filter>Source Files\Streams</Filter>
    </ClCompile>
    <ClCompile Include="..\..\src\Core\Diagnostics\Logging.cpp">
      <Filter>Source Files\Core\Diagnostics</Filter>
    </ClCompile>
    <ClCompile Include="..\..\src\Core\Diagnostics\StackTrace.cpp">
      <Filter>Source Files\Core\Diagnostics</Filter>
    </ClCompile>
    <ClCompile Include="..\..\src\Graphics\Models\ObjLoader.cpp">
      <Filter>Source Files\Graphics\Models</Filter>
    </ClCompile>
    <ClCompile Include="..\..\src\Graphics\Models\Mesh.cpp">
      <Filter>Source Files\Graphics\Models</Filter>
    </ClCompile>
    <ClCompile Include="..\..\src\Components\ContentLoader.cpp">
      <Filter>Source Files\Components</Filter>
    </ClCompile>
    <ClCompile Include="..\..\deps\glad\Debug\src\glad_debug.c">
      <Filter>Third Party Files</Filter>
    </ClCompile>
    <ClCompile Include="..\..\deps\glad\Release\src\glad_release.c">
      <Filter>Third Party Files</Filter>
    </ClCompile>
    <ClCompile Include="..\..\src\Graphics\Color.cpp">
      <Filter>Source Files\Graphics</Filter>
    </ClCompile>
    <ClCompile Include="..\..\src\Graphics\Rendering\Field.cpp">
      <Filter>Source Files\Graphics\Rendering</Filter>
    </ClCompile>
    <ClCompile Include="..\..\src\Graphics\Rendering\Attribute.cpp">
      <Filter>Source Files\Graphics\Rendering</Filter>
    </ClCompile>
    <ClCompile Include="..\..\src\Graphics\Rendering\Uniform.cpp">
      <Filter>Source Files\Graphics\Rendering</Filter>
    </ClCompile>
    <ClCompile Include="..\..\src\Graphics\Rendering\Shader.cpp">
      <Filter>Source Files\Graphics\Rendering</Filter>
    </ClCompile>
    <ClCompile Include="..\..\src\Graphics\Models\Texture.cpp">
      <Filter>Source Files\Graphics\Models</Filter>
    </ClCompile>
    <ClCompile Include="..\..\src\Graphics\Text\Font.cpp">
      <Filter>Source Files\Graphics\Text</Filter>
    </ClCompile>
    <ClCompile Include="..\..\src\Graphics\Text\TextRenderer.cpp">
      <Filter>Source Files\Graphics\Text</Filter>
    </ClCompile>
    <ClCompile Include="..\..\src\Graphics\Text\DebugTextRenderer.cpp">
      <Filter>Source Files\Graphics\Text</Filter>
    </ClCompile>
    <ClCompile Include="..\..\src\Core\String.cpp">
      <Filter>Source Files\Core</Filter>
    </ClCompile>
    <ClCompile Include="..\..\src\Components\Camera.cpp">
      <Filter>Source Files\Components</Filter>
    </ClCompile>
    <ClCompile Include="..\..\src\Core\Diagnostics\Memory.cpp">
      <Filter>Source Files\Core\Diagnostics</Filter>
    </ClCompile>
    <ClCompile Include="..\..\src\Components\MemoryCounter.cpp">
      <Filter>Source Files\Components</Filter>
    </ClCompile>
    <ClCompile Include="..\..\src\Graphics\Rendering\StaticRenderer.cpp">
      <Filter>Source Files\Graphics\Rendering</Filter>
    </ClCompile>
    <ClCompile Include="..\..\src\Graphics\Native\Buffer.cpp">
      <Filter>Source Files\Graphics\Native</Filter>
    </ClCompile>
    <ClCompile Include="..\..\src\Graphics\Models\Md2Loader.cpp">
      <Filter>Source Files\Graphics\Models</Filter>
    </ClCompile>
    <ClCompile Include="..\..\src\Graphics\Models\StaticModel.cpp">
      <Filter>Source Files\Graphics\Models</Filter>
    </ClCompile>
    <ClCompile Include="..\..\src\Graphics\Models\DynamicModel.cpp">
      <Filter>Source Files\Graphics\Models</Filter>
    </ClCompile>
    <ClCompile Include="..\..\src\Graphics\Rendering\DynamicRenderer.cpp">
      <Filter>Source Files\Graphics\Rendering</Filter>
    </ClCompile>
    <ClCompile Include="..\..\src\Graphics\Native\Window.cpp">
      <Filter>Source Files\Graphics\Native</Filter>
    </ClCompile>
    <ClCompile Include="..\..\src\Graphics\GraphicsAdapter.cpp">
      <Filter>Source Files\Graphics</Filter>
    </ClCompile>
  </ItemGroup>
  <ItemGroup>
    <ClInclude Include="..\..\include\Core\Math\Basics.h">
      <Filter>Header Files\Core\Math</Filter>
    </ClInclude>
    <ClInclude Include="..\..\include\Core\Math\Constants.h">
      <Filter>Header Files\Core\Math</Filter>
    </ClInclude>
    <ClInclude Include="..\..\include\Core\Math\Interpolation.h">
      <Filter>Header Files\Core\Math</Filter>
    </ClInclude>
    <ClInclude Include="..\..\include\Core\Math\Vector2.h">
      <Filter>Header Files\Core\Math</Filter>
    </ClInclude>
    <ClInclude Include="..\..\include\Core\Math\Vector3.h">
      <Filter>Header Files\Core\Math</Filter>
    </ClInclude>
    <ClInclude Include="..\..\include\Core\Math\Vector4.h">
      <Filter>Header Files\Core\Math</Filter>
    </ClInclude>
    <ClInclude Include="..\..\include\Core\Math\Matrix.h">
      <Filter>Header Files\Core\Math</Filter>
    </ClInclude>
    <ClInclude Include="..\..\include\Core\Math\Rectangle.h">
      <Filter>Header Files\Core\Math</Filter>
    </ClInclude>
    <ClInclude Include="..\..\include\Core\Math\Box.h">
      <Filter>Header Files\Core\Math</Filter>
    </ClInclude>
    <ClInclude Include="..\..\include\Core\Events\DelegateObservers.h">
      <Filter>Header Files\Core\Events</Filter>
    </ClInclude>
    <ClInclude Include="..\..\include\Core\Events\EventSubscriber.h">
      <Filter>Header Files\Core\Events</Filter>
    </ClInclude>
    <ClInclude Include="..\..\include\Core\SafeMemory.h">
      <Filter>Header Files\Core</Filter>
    </ClInclude>
    <ClInclude Include="..\..\include\Core\Events\EventBus.h">
      <Filter>Header Files\Core\Events</Filter>
    </ClInclude>
    <ClInclude Include="..\..\include\Core\Events\EventArgs.h">
      <Filter>Header Files\Core\Events</Filter>
    </ClInclude>
    <ClInclude Include="..\..\include\Graphics\Native\OpenGL.h">
      <Filter>Header Files\Graphics\Native</Filter>
    </ClInclude>
    <ClInclude Include="..\..\include\Graphics\Native\Monitor.h">
      <Filter>Header Files\Graphics\Native</Filter>
    </ClInclude>
    <ClInclude Include="..\..\include\Input\Cursor.h">
      <Filter>Header Files\Input</Filter>
    </ClInclude>
    <ClInclude Include="..\..\include\Input\Keys.h">
      <Filter>Header Files\Input</Filter>
    </ClInclude>
    <ClInclude Include="..\..\include\Input\KeyState.h">
      <Filter>Header Files\Input</Filter>
    </ClInclude>
    <ClInclude Include="..\..\include\Input\Keyboard.h">
      <Filter>Header Files\Input</Filter>
    </ClInclude>
    <ClInclude Include="..\..\include\Input\ButtonEventArgs.h">
      <Filter>Header Files\Input</Filter>
    </ClInclude>
    <ClInclude Include="..\..\include\Input\KeyEventArgs.h">
      <Filter>Header Files\Input</Filter>
    </ClInclude>
    <ClInclude Include="..\..\include\Game.h">
      <Filter>Header Files</Filter>
    </ClInclude>
    <ClInclude Include="..\..\include\Core\Stopwatch.h">
      <Filter>Header Files\Core</Filter>
    </ClInclude>
    <ClInclude Include="..\..\include\Components\GameComponent.h">
      <Filter>Header Files\Components</Filter>
    </ClInclude>
    <ClInclude Include="..\..\include\Components\FpsCounter.h">
      <Filter>Header Files\Components</Filter>
    </ClInclude>
    <ClInclude Include="..\..\include\Core\StringFunctions.h">
      <Filter>Header Files\Core</Filter>
    </ClInclude>
    <ClInclude Include="..\..\include\Streams\FileReader.h">
      <Filter>Header Files\Streams</Filter>
    </ClInclude>
    <ClInclude Include="..\..\include\Streams\SeekOrigin.h">
      <Filter>Header Files\Streams</Filter>
    </ClInclude>
    <ClInclude Include="..\..\include\Streams\StreamReader.h">
      <Filter>Header Files\Streams</Filter>
    </ClInclude>
    <ClInclude Include="..\..\include\Core\Diagnostics\Logging.h">
      <Filter>Header Files\Core\Diagnostics</Filter>
    </ClInclude>
    <ClInclude Include="..\..\include\Core\Diagnostics\StackTrace.h">
      <Filter>Header Files\Core\Diagnostics</Filter>
    </ClInclude>
    <ClInclude Include="..\..\include\Graphics\Models\ObjLoader.h">
      <Filter>Header Files\Graphics\Models</Filter>
    </ClInclude>
    <ClInclude Include="..\..\include\Graphics\Models\Mesh.h">
      <Filter>Header Files\Graphics\Models</Filter>
    </ClInclude>
    <ClInclude Include="..\..\include\Graphics\Models\MeshVertexFormat.h">
      <Filter>Header Files\Graphics\Models</Filter>
    </ClInclude>
    <ClInclude Include="..\..\include\Components\ContentLoader.h">
      <Filter>Header Files\Components</Filter>
    </ClInclude>
    <ClInclude Include="..\..\include\Graphics\Color.h">
      <Filter>Header Files\Graphics</Filter>
    </ClInclude>
    <ClInclude Include="..\..\include\Graphics\Rendering\Attribute.h">
      <Filter>Header Files\Graphics\Rendering</Filter>
    </ClInclude>
    <ClInclude Include="..\..\include\Graphics\Rendering\Field.h">
      <Filter>Header Files\Graphics\Rendering</Filter>
    </ClInclude>
    <ClInclude Include="..\..\include\Graphics\Rendering\FieldTypes.h">
      <Filter>Header Files\Graphics\Rendering</Filter>
    </ClInclude>
    <ClInclude Include="..\..\include\Graphics\Rendering\Uniform.h">
      <Filter>Header Files\Graphics\Rendering</Filter>
    </ClInclude>
    <ClInclude Include="..\..\include\Graphics\Rendering\Shader.h">
      <Filter>Header Files\Graphics\Rendering</Filter>
    </ClInclude>
    <ClInclude Include="..\..\include\Graphics\Rendering\ShaderTypes.h">
      <Filter>Header Files\Graphics\Rendering</Filter>
    </ClInclude>
    <ClInclude Include="..\..\include\Graphics\Models\Texture.h">
      <Filter>Header Files\Graphics\Models</Filter>
    </ClInclude>
    <ClInclude Include="..\..\include\Graphics\Text\Character.h">
      <Filter>Header Files\Graphics\Text</Filter>
    </ClInclude>
    <ClInclude Include="..\..\include\Graphics\Text\Font.h">
      <Filter>Header Files\Graphics\Text</Filter>
    </ClInclude>
    <ClInclude Include="..\..\include\Graphics\Text\TextRenderer.h">
      <Filter>Header Files\Graphics\Text</Filter>
    </ClInclude>
    <ClInclude Include="..\..\include\Graphics\Text\DebugTextRenderer.h">
      <Filter>Header Files\Graphics\Text</Filter>
    </ClInclude>
    <ClInclude Include="..\..\include\Core\String.h">
      <Filter>Header Files\Core</Filter>
    </ClInclude>
    <ClInclude Include="..\..\include\Graphics\Models\Shape.h">
      <Filter>Header Files\Graphics\Models</Filter>
    </ClInclude>
    <ClInclude Include="..\..\include\GameLogic\WorldObject.h">
      <Filter>Header Files\GameLogic</Filter>
    </ClInclude>
    <ClInclude Include="..\..\include\Components\Camera.h">
      <Filter>Header Files\Components</Filter>
    </ClInclude>
    <ClInclude Include="..\..\include\Core\Diagnostics\Memory.h">
      <Filter>Header Files\Core\Diagnostics</Filter>
    </ClInclude>
    <ClInclude Include="..\..\include\Components\MemoryCounter.h">
      <Filter>Header Files\Components</Filter>
    </ClInclude>
    <ClInclude Include="..\..\include\Graphics\Models\Md2Loader.h">
      <Filter>Header Files\Graphics\Models</Filter>
    </ClInclude>
    <ClInclude Include="..\..\include\Graphics\Rendering\StaticRenderer.h">
      <Filter>Header Files\Graphics\Rendering</Filter>
    </ClInclude>
    <ClInclude Include="..\..\include\Graphics\Native\Buffer.h">
      <Filter>Header Files\Graphics\Native</Filter>
    </ClInclude>
    <ClInclude Include="..\..\include\Graphics\Native\BindTargets.h">
      <Filter>Header Files\Graphics\Native</Filter>
    </ClInclude>
    <ClInclude Include="..\..\include\Graphics\Native\BufferUsage.h">
      <Filter>Header Files\Graphics\Native</Filter>
    </ClInclude>
    <ClInclude Include="..\..\include\Streams\FileUtils.h">
      <Filter>Header Files\Streams</Filter>
    </ClInclude>
    <ClInclude Include="..\..\include\Graphics\Models\StaticModel.h">
      <Filter>Header Files\Graphics\Models</Filter>
    </ClInclude>
    <ClInclude Include="..\..\include\Graphics\Models\AnimationInfo.h">
      <Filter>Header Files\Graphics\Models</Filter>
    </ClInclude>
    <ClInclude Include="..\..\include\Graphics\Models\DynamicModel.h">
      <Filter>Header Files\Graphics\Models</Filter>
    </ClInclude>
    <ClInclude Include="..\..\include\Graphics\Rendering\DynamicRenderer.h">
      <Filter>Header Files\Graphics\Rendering</Filter>
    </ClInclude>
    <ClInclude Include="..\..\include\Graphics\Native\VSyncModes.h">
      <Filter>Header Files\Graphics\Native</Filter>
    </ClInclude>
    <ClInclude Include="..\..\include\Graphics\Native\Window.h">
      <Filter>Header Files\Graphics\Native</Filter>
    </ClInclude>
    <ClInclude Include="..\..\include\Graphics\Native\WindowModes.h">
      <Filter>Header Files\Graphics\Native</Filter>
    </ClInclude>
    <ClInclude Include="..\..\include\Graphics\GraphicsAdapter.h">
      <Filter>Header Files\Graphics</Filter>
    </ClInclude>
    <ClInclude Include="..\..\include\Graphics\Native\BlendState.h">
      <Filter>Header Files\Graphics\Native</Filter>
    </ClInclude>
    <ClInclude Include="..\..\include\Graphics\Native\BlendType.h">
      <Filter>Header Files\Graphics\Native</Filter>
    </ClInclude>
    <ClInclude Include="..\..\include\Graphics\Native\DepthState.h">
      <Filter>Header Files\Graphics\Native</Filter>
    </ClInclude>
    <ClInclude Include="..\..\include\Graphics\Native\FaceCullState.h">
      <Filter>Header Files\Graphics\Native</Filter>
    </ClInclude>
    <ClInclude Include="..\..\include\Graphics\Native\FaceCullType.h">
      <Filter>Header Files\Graphics\Native</Filter>
    </ClInclude>
  </ItemGroup>
</Project>