<?xml version="1.0" encoding="utf-8"?>
<Project ToolsVersion="4.0" xmlns="http://schemas.microsoft.com/developer/msbuild/2003">
  <ItemGroup>
    <Filter Include="Shaders">
      <UniqueIdentifier>{d93e6361-4d84-4d73-8e72-db7b7b01a440}</UniqueIdentifier>
    </Filter>
    <Filter Include="Models">
      <UniqueIdentifier>{63472200-ff95-4b8d-a501-55eb72f769ed}</UniqueIdentifier>
    </Filter>
    <Filter Include="Shaders\Debug">
      <UniqueIdentifier>{5eb63080-d81c-42f2-850d-90357dc67f39}</UniqueIdentifier>
    </Filter>
    <Filter Include="Shaders\Light Probes">
      <UniqueIdentifier>{5feef365-5cf3-4fae-a4f5-43737b861eda}</UniqueIdentifier>
    </Filter>
    <Filter Include="Shaders\Deferred">
      <UniqueIdentifier>{be2a1bc9-3cf0-4159-b52c-247c171828eb}</UniqueIdentifier>
    </Filter>
    <Filter Include="Shaders\Forward">
      <UniqueIdentifier>{76bf7037-4d97-4098-af16-2ae52d81c67f}</UniqueIdentifier>
    </Filter>
  </ItemGroup>
  <ItemGroup>
    <SPIRVShader Include="..\..\..\assets\shaders\VertexColor.frag">
      <Filter>Shaders\Debug</Filter>
    </SPIRVShader>
    <SPIRVShader Include="..\..\..\assets\shaders\VertexColor.vert">
      <Filter>Shaders\Debug</Filter>
    </SPIRVShader>
    <SPIRVShader Include="..\..\..\assets\shaders\LightProbe.frag">
      <Filter>Shaders\Light Probes</Filter>
    </SPIRVShader>
    <SPIRVShader Include="..\..\..\assets\shaders\LightProbe.geom">
      <Filter>Shaders\Light Probes</Filter>
    </SPIRVShader>
    <SPIRVShader Include="..\..\..\assets\shaders\LightProbe.vert">
      <Filter>Shaders\Light Probes</Filter>
    </SPIRVShader>
    <SPIRVShader Include="..\..\..\assets\shaders\StaticGeometry.vert">
      <Filter>Shaders\Deferred</Filter>
    </SPIRVShader>
    <SPIRVShader Include="..\..\..\assets\shaders\Geometry.frag">
      <Filter>Shaders\Deferred</Filter>
    </SPIRVShader>
    <SPIRVShader Include="..\..\..\assets\shaders\FullscreenQuad.vert">
      <Filter>Shaders\Deferred</Filter>
    </SPIRVShader>
    <SPIRVShader Include="..\..\..\assets\shaders\DirectionalLight.frag">
      <Filter>Shaders\Deferred</Filter>
    </SPIRVShader>
    <SPIRVShader Include="..\..\..\assets\shaders\Forward3D.frag">
      <Filter>Shaders\Forward</Filter>
    </SPIRVShader>
    <SPIRVShader Include="..\..\..\assets\shaders\Forward3D.vert">
      <Filter>Shaders\Forward</Filter>
    </SPIRVShader>
    <SPIRVShader Include="..\..\..\assets\shaders\CameraEffects.frag">
      <Filter>Shaders\Deferred</Filter>
    </SPIRVShader>
    <SPIRVShader Include="..\..\..\assets\shaders\Forward3D_Unlit.frag">
      <Filter>Shaders\Forward</Filter>
    </SPIRVShader>
  </ItemGroup>
  <ItemGroup>
    <PuModel Include="..\..\..\assets\models\Knight\knight.md2">
      <Filter>Models</Filter>
    </PuModel>
    <PuModel Include="..\..\..\assets\models\Ratamahatta\Ratamahatta.md2">
      <Filter>Models</Filter>
    </PuModel>
    <PuModel Include="..\..\..\assets\models\Fire\fire.md2">
      <Filter>Models</Filter>
    </PuModel>
    <PuModel Include="..\..\..\assets\models\WaterBottle\specGlossVsMetalRough.gltf">
      <Filter>Models</Filter>
    </PuModel>
    <PuModel Include="..\..\..\assets\models\Sponza\Sponza.gltf">
      <Filter>Models</Filter>
    </PuModel>
    <PuModel Include="..\..\..\assets\models\BoomBox\BoomBox.gltf">
      <Filter>Models</Filter>
    </PuModel>
    <PuModel Include="..\..\..\assets\models\Monster\Monster.gltf">
      <Filter>Models</Filter>
    </PuModel>
    <PuModel Include="..\..\..\assets\models\Shark\Shark.gltf">
      <Filter>Models</Filter>
    </PuModel>
    <PuModel Include="..\..\..\assets\models\Phoenix\Phoenix.gltf">
      <Filter>Models</Filter>
    </PuModel>
  </ItemGroup>
</Project>