<?xml version="1.0" encoding="utf-8"?>
<Project ToolsVersion="4.0" xmlns="http://schemas.microsoft.com/developer/msbuild/2003">
  <ItemGroup>
    <Filter Include="Shaders">
      <UniqueIdentifier>{d93e6361-4d84-4d73-8e72-db7b7b01a440}</UniqueIdentifier>
    </Filter>
    <Filter Include="Models">
      <UniqueIdentifier>{63472200-ff95-4b8d-a501-55eb72f769ed}</UniqueIdentifier>
    </Filter>
  </ItemGroup>
  <ItemGroup>
    <SPIRVShader Include="..\..\..\assets\shaders\SkinnedAnimated.vert">
      <Filter>Shaders</Filter>
    </SPIRVShader>
    <SPIRVShader Include="..\..\..\assets\shaders\VertexColor.frag">
      <Filter>Shaders</Filter>
    </SPIRVShader>
    <SPIRVShader Include="..\..\..\assets\shaders\VertexColor.vert">
      <Filter>Shaders</Filter>
    </SPIRVShader>
    <SPIRVShader Include="..\..\..\assets\shaders\Basic3D.vert">
      <Filter>Shaders</Filter>
    </SPIRVShader>
    <SPIRVShader Include="..\..\..\assets\shaders\Basic3D.frag">
      <Filter>Shaders</Filter>
    </SPIRVShader>
  </ItemGroup>
  <ItemGroup>
    <PuModel Include="..\..\..\assets\models\Knight\knight.md2">
      <Filter>Models</Filter>
    </PuModel>
    <PuModel Include="..\..\..\assets\models\Ratamahatta\Ratamahatta.md2">
      <Filter>Models</Filter>
    </PuModel>
    <PuModel Include="..\..\..\assets\models\Fire\fire.md2">
      <Filter>Models</Filter>
    </PuModel>
    <PuModel Include="..\..\..\assets\models\Monster\Monster.gltf">
      <Filter>Models</Filter>
    </PuModel>
    <PuModel Include="..\..\..\assets\models\Sponza\sponza.obj">
      <Filter>Models</Filter>
    </PuModel>
    <PuModel Include="..\..\..\assets\models\SanMiguel\san-miguel-low-poly.obj">
      <Filter>Models</Filter>
    </PuModel>
  </ItemGroup>
</Project>